
Microsoft Visual Studio Solution File, Format Version 11.00
# Visual Studio 2010
Project("{2150E333-8FDC-42A3-9474-1A3956D46DE8}") = "Solution Items", "Solution Items", "{18C2BF14-0A50-4042-9F0D-0B4458180DFF}"
	ProjectSection(SolutionItems) = preProject
		HedgeHog.vsmdi = HedgeHog.vsmdi
		Local.testsettings = Local.testsettings
		TraceAndTestImpact.testsettings = TraceAndTestImpact.testsettings
	EndProjectSection
EndProject
Project("{2150E333-8FDC-42A3-9474-1A3956D46DE8}") = "HedgeHogs", "HedgeHogs", "{C4B3E0D6-F3FE-4111-A2B4-E92AC7123CAC}"
	ProjectSection(SolutionItems) = preProject
		DynamicDataDisplay v0.3 Source.zip = DynamicDataDisplay v0.3 Source.zip
	EndProjectSection
EndProject
Project("{2150E333-8FDC-42A3-9474-1A3956D46DE8}") = "Alice", "Alice", "{86FEDE76-A0D4-411F-8963-2DEDA0FFACD6}"
EndProject
Project("{FAE04EC0-301F-11D3-BF4B-00C04F79EFBC}") = "HedgeHog", "HedgeHog\HedgeHog.csproj", "{847035FC-6C11-4AD2-A86B-09DA12961288}"
	ProjectSection(ProjectDependencies) = postProject
		{997C1250-13BF-4429-B0A1-0E036E745625} = {997C1250-13BF-4429-B0A1-0E036E745625}
	EndProjectSection
EndProject
Project("{FAE04EC0-301F-11D3-BF4B-00C04F79EFBC}") = "Temp", "Temp\Temp.csproj", "{E4EC0065-B964-47E1-9B26-E866F3CBF6A0}"
EndProject
Project("{FAE04EC0-301F-11D3-BF4B-00C04F79EFBC}") = "TickChart", "..\TickChart\TickChart.csproj", "{498C7E8F-FAD1-46B8-AB82-EE21328AB9D9}"
EndProject
Project("{FAE04EC0-301F-11D3-BF4B-00C04F79EFBC}") = "ElementStateLogic", "ElementStateLogic\ElementStateLogic.csproj", "{C711E992-7BA2-4EA2-9573-67E79A6779C2}"
EndProject
Project("{FAE04EC0-301F-11D3-BF4B-00C04F79EFBC}") = "Order2GoAddIn", "Order2GoAddIn\Order2GoAddIn.csproj", "{4A4FDF3C-8827-4E71-A705-7AD964408BB2}"
EndProject
Project("{FAE04EC0-301F-11D3-BF4B-00C04F79EFBC}") = "TestHH", "TestHH\TestHH.csproj", "{D32794A2-4CB6-48E8-805D-4942D78A07D7}"
EndProject
Project("{FAE04EC0-301F-11D3-BF4B-00C04F79EFBC}") = "RunWithTimeout", "RunWithTimeout\RunWithTimeout.csproj", "{F51E34F9-C9BA-47BD-9129-1A94D04E62CA}"
EndProject
Project("{FAE04EC0-301F-11D3-BF4B-00C04F79EFBC}") = "WcfToHedgeHog", "..\WcfToHedgeHog\WcfToHedgeHog.csproj", "{8801FF8A-067C-4994-BD16-DB0AE136AC58}"
EndProject
Project("{FAE04EC0-301F-11D3-BF4B-00C04F79EFBC}") = "HedgeHogXbap", "HedgeHogXbap\HedgeHogXbap.csproj", "{BD7A142C-9EE2-4833-A101-4833968C7541}"
	ProjectSection(ProjectDependencies) = postProject
		{8801FF8A-067C-4994-BD16-DB0AE136AC58} = {8801FF8A-067C-4994-BD16-DB0AE136AC58}
	EndProjectSection
EndProject
Project("{FAE04EC0-301F-11D3-BF4B-00C04F79EFBC}") = "Persistance", "Persistancy\Persistance.csproj", "{BB1DA090-B58A-456B-8B72-54375260486B}"
EndProject
Project("{FAE04EC0-301F-11D3-BF4B-00C04F79EFBC}") = "HedgeHog.Signaler", "HedgeHog.Signaler\HedgeHog.Signaler.csproj", "{6015B5BA-AC84-4F51-82EE-D6C90BDF1D43}"
EndProject
Project("{FAE04EC0-301F-11D3-BF4B-00C04F79EFBC}") = "HedgeHog.Lib", "HedgeHog.Lib\HedgeHog.Lib.csproj", "{C8436D96-349C-4EA7-A58B-3D21BA93BE22}"
EndProject
Project("{FAE04EC0-301F-11D3-BF4B-00C04F79EFBC}") = "HedgeHog.Server", "HedgeHog.Server\HedgeHog.Server.csproj", "{1DDBD2BB-7A7C-4B13-99E7-58282CCCFACE}"
EndProject
Project("{FAE04EC0-301F-11D3-BF4B-00C04F79EFBC}") = "HedgeHog.Charter", "HedgeHog.Charter\HedgeHog.Charter.csproj", "{29F0B895-BF08-4747-A454-D44C7E43C7B1}"
EndProject
Project("{FAE04EC0-301F-11D3-BF4B-00C04F79EFBC}") = "HedgeHog.Remoter", "HedgeHog.Remoter\HedgeHog.Remoter.csproj", "{873AF969-F8CF-4740-BAC0-57AD7B7B3AE5}"
EndProject
Project("{FAE04EC0-301F-11D3-BF4B-00C04F79EFBC}") = "DynamicDataDisplay", "DynamicDataDisplay\DynamicDataDisplay.csproj", "{ECD37682-DF7E-409F-912D-0965634556B5}"
EndProject
Project("{FAE04EC0-301F-11D3-BF4B-00C04F79EFBC}") = "SQLCLR", "SQLCLR\SQLCLR.csproj", "{602127E5-9143-4ADB-95A7-37E444ACA722}"
EndProject
Project("{FAE04EC0-301F-11D3-BF4B-00C04F79EFBC}") = "HedgeHog.WCF", "HedgeHog.WCF\HedgeHog.WCF.csproj", "{997C1250-13BF-4429-B0A1-0E036E745625}"
EndProject
Project("{FAE04EC0-301F-11D3-BF4B-00C04F79EFBC}") = "HedgeHog.Alice.WCF", "HedgeHog.Alice\HedgeHog.Alice.WCF\HedgeHog.Alice.WCF.csproj", "{674056FB-B429-4491-92C4-36BB001751C7}"
EndProject
Project("{FAE04EC0-301F-11D3-BF4B-00C04F79EFBC}") = "HedgeHog.Alice.Client", "HedgeHog.Alice.Client\HedgeHog.Alice.Client.csproj", "{8412BC60-FB5C-4996-A7E5-BBD0D53733AA}"
	ProjectSection(ProjectDependencies) = postProject
		{674056FB-B429-4491-92C4-36BB001751C7} = {674056FB-B429-4491-92C4-36BB001751C7}
	EndProjectSection
EndProject
Project("{FAE04EC0-301F-11D3-BF4B-00C04F79EFBC}") = "HedgeHog.Shared", "HedgeHog.Shared\HedgeHog.Shared.csproj", "{22E8AF73-0298-40E9-BBFE-6BA069C17C86}"
EndProject
Project("{FAE04EC0-301F-11D3-BF4B-00C04F79EFBC}") = "MVVMLib", "MVVMLib\MVVMLib.csproj", "{44B86ABC-C002-49E8-BCA9-813F85A0AEC0}"
EndProject
Project("{FAE04EC0-301F-11D3-BF4B-00C04F79EFBC}") = "O2GTestLib", "O2GTestLib\O2GTestLib.csproj", "{0095EBDF-4C93-4C0A-8E40-B7E0347C7167}"
EndProject
Project("{FAE04EC0-301F-11D3-BF4B-00C04F79EFBC}") = "EventSample", "..\..\..\..\..\Program Files\CandleWorks\FXOrder2Go\Examples\CS\EventSample\EventSample.csproj", "{0318CA59-59DB-49DD-AE91-35D6CE75CF25}"
EndProject
Project("{FAE04EC0-301F-11D3-BF4B-00C04F79EFBC}") = "HedgeHog.FXCM", "HedgeHog.FXCM\HedgeHog.FXCM.csproj", "{18E142A3-5835-4AD3-8462-DD2D8C725756}"
EndProject
Project("{FAE04EC0-301F-11D3-BF4B-00C04F79EFBC}") = "HedgeHog.UI", "HedgeHog.UI\HedgeHog.UI.csproj", "{7D258DF9-4DD8-4BB0-82AA-42DCC61374FA}"
EndProject
Project("{2150E333-8FDC-42A3-9474-1A3956D46DE8}") = "Snipets", "Snipets", "{F9B967B4-B910-47AD-AED9-171F694DDE76}"
EndProject
Project("{FAE04EC0-301F-11D3-BF4B-00C04F79EFBC}") = "Snipets", "Snipets\Snipets.csproj", "{0AACD464-22B9-4509-8486-0D14858BCF28}"
EndProject
Project("{FAE04EC0-301F-11D3-BF4B-00C04F79EFBC}") = "Telerik", "Telerik\Telerik.csproj", "{B005825C-7051-4E72-A39A-A0BD3DE7994F}"
EndProject
Project("{FAE04EC0-301F-11D3-BF4B-00C04F79EFBC}") = "HedgeHog.Reports", "HedgeHog.Reports\HedgeHog.Reports.csproj", "{2CE09483-D616-4AF8-8581-998A368F39B4}"
EndProject
Project("{FAE04EC0-301F-11D3-BF4B-00C04F79EFBC}") = "HedgeHog.Alice.Server", "HedgeHog.Alice.Server\HedgeHog.Alice.Server.csproj", "{965F1CA4-7787-4CAB-94A4-67217615B855}"
EndProject
Project("{FAE04EC0-301F-11D3-BF4B-00C04F79EFBC}") = "HedgeHog.Alice.Store", "HedgeHog.Alice.Store\HedgeHog.Alice.Store.csproj", "{C8766AE8-E649-4D05-A206-7D2FAB63F14A}"
EndProject
Project("{FAE04EC0-301F-11D3-BF4B-00C04F79EFBC}") = "HedgeHog.Math", "HedgeHog.Math\HedgeHog.Math.csproj", "{21C4A910-0C04-436D-B797-4D564DB29627}"
EndProject
Project("{FAE04EC0-301F-11D3-BF4B-00C04F79EFBC}") = "DynamicLinq_SL", "DynamicLinq_SL\DynamicLinq_SL.csproj", "{ED74F999-1985-44BB-B0EE-8EA37FA0D7CC}"
EndProject
Project("{2150E333-8FDC-42A3-9474-1A3956D46DE8}") = "Solution Items (2)", "Solution Items (2)", "{B1E1F2CD-D999-4223-8F7F-80469E0B3875}"
	ProjectSection(SolutionItems) = preProject
		..\GalaSoft.MvvmLight.V3SP1\mvvmlight-source\GalaSoft.MvvmLight\GalaSoft.MvvmLight.vsmdi = ..\GalaSoft.MvvmLight.V3SP1\mvvmlight-source\GalaSoft.MvvmLight\GalaSoft.MvvmLight.vsmdi
		..\GalaSoft.MvvmLight.V3SP1\mvvmlight-source\GalaSoft.MvvmLight\GalaSoft.MvvmLight1.vsmdi = ..\GalaSoft.MvvmLight.V3SP1\mvvmlight-source\GalaSoft.MvvmLight\GalaSoft.MvvmLight1.vsmdi
		..\GalaSoft.MvvmLight.V3SP1\mvvmlight-source\GalaSoft.MvvmLight\LocalTestRun.testrunconfig = ..\GalaSoft.MvvmLight.V3SP1\mvvmlight-source\GalaSoft.MvvmLight\LocalTestRun.testrunconfig
	EndProjectSection
EndProject
Project("{2150E333-8FDC-42A3-9474-1A3956D46DE8}") = "Externals", "Externals", "{CE22CBE5-A263-463E-8BCD-A77A60995C0C}"
EndProject
Project("{2150E333-8FDC-42A3-9474-1A3956D46DE8}") = "Silverlight", "Silverlight", "{97B7C3DB-C0FB-4D7D-BA33-14E3F4E86BF6}"
	ProjectSection(SolutionItems) = preProject
		..\GalaSoft.MvvmLight.V3SP1\mvvmlight-source\GalaSoft.MvvmLight\External\Silverlight\Microsoft.Silverlight.Testing.dll = ..\GalaSoft.MvvmLight.V3SP1\mvvmlight-source\GalaSoft.MvvmLight\External\Silverlight\Microsoft.Silverlight.Testing.dll
		..\GalaSoft.MvvmLight.V3SP1\mvvmlight-source\GalaSoft.MvvmLight\External\Silverlight\Microsoft.VisualStudio.QualityTools.UnitTesting.Silverlight.dll = ..\GalaSoft.MvvmLight.V3SP1\mvvmlight-source\GalaSoft.MvvmLight\External\Silverlight\Microsoft.VisualStudio.QualityTools.UnitTesting.Silverlight.dll
		..\GalaSoft.MvvmLight.V3SP1\mvvmlight-source\GalaSoft.MvvmLight\External\Silverlight\System.Windows.Interactivity.dll = ..\GalaSoft.MvvmLight.V3SP1\mvvmlight-source\GalaSoft.MvvmLight\External\Silverlight\System.Windows.Interactivity.dll
	EndProjectSection
EndProject
Project("{2150E333-8FDC-42A3-9474-1A3956D46DE8}") = "WPF", "WPF", "{30B76B96-22B6-46F7-9D74-5EB2A954452A}"
	ProjectSection(SolutionItems) = preProject
		..\GalaSoft.MvvmLight.V3SP1\mvvmlight-source\GalaSoft.MvvmLight\External\WPF\System.Windows.Interactivity.dll = ..\GalaSoft.MvvmLight.V3SP1\mvvmlight-source\GalaSoft.MvvmLight\External\WPF\System.Windows.Interactivity.dll
	EndProjectSection
EndProject
Project("{FAE04EC0-301F-11D3-BF4B-00C04F79EFBC}") = "GalaSoft.MvvmLight", "..\GalaSoft.MvvmLight.V3SP1\mvvmlight-source\GalaSoft.MvvmLight\GalaSoft.MvvmLight\GalaSoft.MvvmLight.csproj", "{ADB28C09-8DE9-4006-80D5-74856EB4A48B}"
EndProject
Project("{FAE04EC0-301F-11D3-BF4B-00C04F79EFBC}") = "GalaSoft.MvvmLight.Test", "..\GalaSoft.MvvmLight.V3SP1\mvvmlight-source\GalaSoft.MvvmLight\GalaSoft.MvvmLight.Test\GalaSoft.MvvmLight.Test.csproj", "{BD7821F7-C24B-4445-B612-8F18CE16ACF9}"
EndProject
Project("{FAE04EC0-301F-11D3-BF4B-00C04F79EFBC}") = "GalaSoft.MvvmLight.Extras", "..\GalaSoft.MvvmLight.V3SP1\mvvmlight-source\GalaSoft.MvvmLight\GalaSoft.MvvmLight.Extras\GalaSoft.MvvmLight.Extras.csproj", "{78EECC01-BAE7-4914-BE2D-6BAB1059F29B}"
EndProject
Project("{FAE04EC0-301F-11D3-BF4B-00C04F79EFBC}") = "WPG", "PropertyGrid\WPG\WPG.csproj", "{022EDA6A-0B76-44C3-A530-8312C1B40030}"
EndProject
Project("{2150E333-8FDC-42A3-9474-1A3956D46DE8}") = "WPG Projects", "WPG Projects", "{037B61D4-17C8-41CE-9E71-4E530242600E}"
EndProject
Project("{FAE04EC0-301F-11D3-BF4B-00C04F79EFBC}") = "WPGDemoApp", "PropertyGrid\WPGDemoApp\WPGDemoApp.csproj", "{461D5C87-6A4D-4846-AEF8-6FA4E2256647}"
EndProject
Project("{FAE04EC0-301F-11D3-BF4B-00C04F79EFBC}") = "AutoBankParser", "..\AutoBank\MvvmLight1\AutoBankParser.csproj", "{A6E689DC-3DAC-4DDD-8673-9D9467DBEDB8}"
EndProject
Project("{2150E333-8FDC-42A3-9474-1A3956D46DE8}") = "AutoBank", "AutoBank", "{8456DEBE-D267-40CE-B270-8E2C5B40864C}"
EndProject
Project("{54435603-DBB4-11D2-8724-00A0C9A8B90C}") = "AutoBankParserSetup", "..\AutoBank\AutoBankParserSetup\Setup1\Setup1.vdproj", "{09F98DCA-69F9-470E-BB23-A3292E3097F6}"
EndProject
Project("{2150E333-8FDC-42A3-9474-1A3956D46DE8}") = "Other Apps", "Other Apps", "{64A1AA81-17E2-4464-A24A-603B95A8A42D}"
EndProject
Project("{FAE04EC0-301F-11D3-BF4B-00C04F79EFBC}") = "CalciumProject1", "CalciumProject1\CalciumProject1.csproj", "{C6909480-9793-49DC-AF28-FA81C76E976A}"
EndProject
Project("{2150E333-8FDC-42A3-9474-1A3956D46DE8}") = "T4s", "T4s", "{D094C52E-FF62-4803-A67C-A82CC1E5000B}"
	ProjectSection(SolutionItems) = preProject
		T4s\CS_4_0.tt = T4s\CS_4_0.tt
		T4s\MetadataGeneration.tt = T4s\MetadataGeneration.tt
	EndProjectSection
EndProject
Project("{2150E333-8FDC-42A3-9474-1A3956D46DE8}") = "Tests", "Tests", "{D04F5264-BE80-4527-9E36-C15145BB2A5D}"
EndProject
Project("{FAE04EC0-301F-11D3-BF4B-00C04F79EFBC}") = "Randomness", "Randomness\Randomness.csproj", "{2FB02E03-00C3-42AA-B5FB-A4C732626306}"
EndProject
Project("{FAE04EC0-301F-11D3-BF4B-00C04F79EFBC}") = "HedgeHog.Alice.UI", "HedgeHog.Alice.UI\HedgeHog.Alice.UI.csproj", "{7E5CD876-2DD9-4E62-A208-D069891414B9}"
EndProject
Project("{FAE04EC0-301F-11D3-BF4B-00C04F79EFBC}") = "HedgeHog.D3", "HedgeHog.D3\HedgeHog.D3.csproj", "{AA93DD2F-6107-4846-B5A0-D07127E75C4F}"
EndProject
Project("{E24C65DC-7377-472B-9ABA-BC803B73C61A}") = "Web4", "..\..\..\..\..\Documents and Settings\dimon\My Documents\Visual Studio 2010\WebSites\Web4\", "{54D975F9-EA82-4E9F-A731-F9C87EDBA75D}"
	ProjectSection(WebsiteProperties) = preProject
		TargetFrameworkMoniker = ".NETFramework,Version%3Dv4.0"
		Debug.AspNetCompiler.VirtualPath = "/Web4"
		Debug.AspNetCompiler.PhysicalPath = "..\..\..\..\..\Documents and Settings\dimon\My Documents\Visual Studio 2010\WebSites\Web4\"
		Debug.AspNetCompiler.TargetPath = "PrecompiledWeb\Web4\"
		Debug.AspNetCompiler.Updateable = "true"
		Debug.AspNetCompiler.ForceOverwrite = "true"
		Debug.AspNetCompiler.FixedNames = "false"
		Debug.AspNetCompiler.Debug = "True"
		Release.AspNetCompiler.VirtualPath = "/Web4"
		Release.AspNetCompiler.PhysicalPath = "..\..\..\..\..\Documents and Settings\dimon\My Documents\Visual Studio 2010\WebSites\Web4\"
		Release.AspNetCompiler.TargetPath = "PrecompiledWeb\Web4\"
		Release.AspNetCompiler.Updateable = "true"
		Release.AspNetCompiler.ForceOverwrite = "true"
		Release.AspNetCompiler.FixedNames = "false"
		Release.AspNetCompiler.Debug = "False"
		VWDPort = "3014"
		DefaultWebSiteLanguage = "Visual C#"
	EndProjectSection
EndProject
Project("{FAE04EC0-301F-11D3-BF4B-00C04F79EFBC}") = "WcfService", "WcfService\WcfService.csproj", "{55B67FA3-6850-4895-B55B-3504289EE3C6}"
EndProject
Project("{2150E333-8FDC-42A3-9474-1A3956D46DE8}") = "WCF", "WCF", "{400EE180-3CDB-4C95-9D96-938FB57AC04C}"
EndProject
Project("{FAE04EC0-301F-11D3-BF4B-00C04F79EFBC}") = "WcfClient", "WcfClient\WcfClient.csproj", "{71F06A39-C36A-4F38-9D4A-120ABED13C69}"
	ProjectSection(ProjectDependencies) = postProject
		{55B67FA3-6850-4895-B55B-3504289EE3C6} = {55B67FA3-6850-4895-B55B-3504289EE3C6}
	EndProjectSection
EndProject
Project("{FAE04EC0-301F-11D3-BF4B-00C04F79EFBC}") = "MSTest", "MSTest\MSTest.csproj", "{7B3B6957-0349-4F5C-B18F-515866578E64}"
EndProject
Project("{FAE04EC0-301F-11D3-BF4B-00C04F79EFBC}") = "HedgeHog.DB", "HedgeHog.DB\HedgeHog.DB.csproj", "{CCA024B7-4A9B-451E-BFE0-126DC9F33BB2}"
EndProject
Project("{FAE04EC0-301F-11D3-BF4B-00C04F79EFBC}") = "MTReporter", "MTReporter\MTReporter.csproj", "{E8F73958-3EC9-4DE3-BE7F-226C697B7759}"
EndProject
Project("{FAE04EC0-301F-11D3-BF4B-00C04F79EFBC}") = "TestProject", "TestProject\TestProject.csproj", "{73AC6121-484B-434E-9EB3-9391C8B812C2}"
EndProject
Project("{FAE04EC0-301F-11D3-BF4B-00C04F79EFBC}") = "HedgeHog.Extentions", "HedgeHog.Extentions\HedgeHog.Extentions.csproj", "{1D8C77B9-0D28-4100-953A-E1F2EBB2F32D}"
EndProject
Global
	GlobalSection(SubversionScc) = preSolution
		Svn-Managed = True
		Manager = AnkhSVN - Subversion Support for Visual Studio
	EndGlobalSection
	GlobalSection(TestCaseManagementSettings) = postSolution
		CategoryFile = HedgeHog.vsmdi
	EndGlobalSection
	GlobalSection(SolutionConfigurationPlatforms) = preSolution
		Debug|Any CPU = Debug|Any CPU
		Debug|Mixed Platforms = Debug|Mixed Platforms
		Debug|x86 = Debug|x86
		Part1|Any CPU = Part1|Any CPU
		Part1|Mixed Platforms = Part1|Mixed Platforms
		Part1|x86 = Part1|x86
		Release|Any CPU = Release|Any CPU
		Release|Mixed Platforms = Release|Mixed Platforms
		Release|x86 = Release|x86
	EndGlobalSection
	GlobalSection(ProjectConfigurationPlatforms) = postSolution
		{847035FC-6C11-4AD2-A86B-09DA12961288}.Debug|Any CPU.ActiveCfg = Debug|Any CPU
		{847035FC-6C11-4AD2-A86B-09DA12961288}.Debug|Mixed Platforms.ActiveCfg = Debug|Any CPU
		{847035FC-6C11-4AD2-A86B-09DA12961288}.Debug|x86.ActiveCfg = Debug|Any CPU
		{847035FC-6C11-4AD2-A86B-09DA12961288}.Part1|Any CPU.ActiveCfg = Release|Any CPU
		{847035FC-6C11-4AD2-A86B-09DA12961288}.Part1|Any CPU.Build.0 = Release|Any CPU
		{847035FC-6C11-4AD2-A86B-09DA12961288}.Part1|Mixed Platforms.ActiveCfg = Release|Any CPU
		{847035FC-6C11-4AD2-A86B-09DA12961288}.Part1|Mixed Platforms.Build.0 = Release|Any CPU
		{847035FC-6C11-4AD2-A86B-09DA12961288}.Part1|x86.ActiveCfg = Release|Any CPU
		{847035FC-6C11-4AD2-A86B-09DA12961288}.Release|Any CPU.ActiveCfg = Release|Any CPU
		{847035FC-6C11-4AD2-A86B-09DA12961288}.Release|Any CPU.Build.0 = Release|Any CPU
		{847035FC-6C11-4AD2-A86B-09DA12961288}.Release|Mixed Platforms.ActiveCfg = Release|Any CPU
		{847035FC-6C11-4AD2-A86B-09DA12961288}.Release|x86.ActiveCfg = Release|Any CPU
		{E4EC0065-B964-47E1-9B26-E866F3CBF6A0}.Debug|Any CPU.ActiveCfg = Debug|Any CPU
		{E4EC0065-B964-47E1-9B26-E866F3CBF6A0}.Debug|Any CPU.Build.0 = Debug|Any CPU
		{E4EC0065-B964-47E1-9B26-E866F3CBF6A0}.Debug|Mixed Platforms.ActiveCfg = Debug|Any CPU
		{E4EC0065-B964-47E1-9B26-E866F3CBF6A0}.Debug|Mixed Platforms.Build.0 = Debug|Any CPU
		{E4EC0065-B964-47E1-9B26-E866F3CBF6A0}.Debug|x86.ActiveCfg = Debug|Any CPU
		{E4EC0065-B964-47E1-9B26-E866F3CBF6A0}.Part1|Any CPU.ActiveCfg = Release|Any CPU
		{E4EC0065-B964-47E1-9B26-E866F3CBF6A0}.Part1|Any CPU.Build.0 = Release|Any CPU
		{E4EC0065-B964-47E1-9B26-E866F3CBF6A0}.Part1|Mixed Platforms.ActiveCfg = Release|Any CPU
		{E4EC0065-B964-47E1-9B26-E866F3CBF6A0}.Part1|Mixed Platforms.Build.0 = Release|Any CPU
		{E4EC0065-B964-47E1-9B26-E866F3CBF6A0}.Part1|x86.ActiveCfg = Release|Any CPU
		{E4EC0065-B964-47E1-9B26-E866F3CBF6A0}.Release|Any CPU.ActiveCfg = Release|Any CPU
		{E4EC0065-B964-47E1-9B26-E866F3CBF6A0}.Release|Any CPU.Build.0 = Release|Any CPU
		{E4EC0065-B964-47E1-9B26-E866F3CBF6A0}.Release|Mixed Platforms.ActiveCfg = Release|Any CPU
		{E4EC0065-B964-47E1-9B26-E866F3CBF6A0}.Release|Mixed Platforms.Build.0 = Release|Any CPU
		{E4EC0065-B964-47E1-9B26-E866F3CBF6A0}.Release|x86.ActiveCfg = Release|Any CPU
		{498C7E8F-FAD1-46B8-AB82-EE21328AB9D9}.Debug|Any CPU.ActiveCfg = Debug|Any CPU
		{498C7E8F-FAD1-46B8-AB82-EE21328AB9D9}.Debug|Any CPU.Build.0 = Debug|Any CPU
		{498C7E8F-FAD1-46B8-AB82-EE21328AB9D9}.Debug|Mixed Platforms.ActiveCfg = Debug|Any CPU
		{498C7E8F-FAD1-46B8-AB82-EE21328AB9D9}.Debug|Mixed Platforms.Build.0 = Debug|Any CPU
		{498C7E8F-FAD1-46B8-AB82-EE21328AB9D9}.Debug|x86.ActiveCfg = Debug|Any CPU
		{498C7E8F-FAD1-46B8-AB82-EE21328AB9D9}.Part1|Any CPU.ActiveCfg = Release|Any CPU
		{498C7E8F-FAD1-46B8-AB82-EE21328AB9D9}.Part1|Any CPU.Build.0 = Release|Any CPU
		{498C7E8F-FAD1-46B8-AB82-EE21328AB9D9}.Part1|Mixed Platforms.ActiveCfg = Release|Any CPU
		{498C7E8F-FAD1-46B8-AB82-EE21328AB9D9}.Part1|Mixed Platforms.Build.0 = Release|Any CPU
		{498C7E8F-FAD1-46B8-AB82-EE21328AB9D9}.Part1|x86.ActiveCfg = Release|Any CPU
		{498C7E8F-FAD1-46B8-AB82-EE21328AB9D9}.Release|Any CPU.ActiveCfg = Release|Any CPU
		{498C7E8F-FAD1-46B8-AB82-EE21328AB9D9}.Release|Any CPU.Build.0 = Release|Any CPU
		{498C7E8F-FAD1-46B8-AB82-EE21328AB9D9}.Release|Mixed Platforms.ActiveCfg = Release|Any CPU
		{498C7E8F-FAD1-46B8-AB82-EE21328AB9D9}.Release|Mixed Platforms.Build.0 = Release|Any CPU
		{498C7E8F-FAD1-46B8-AB82-EE21328AB9D9}.Release|x86.ActiveCfg = Release|Any CPU
		{C711E992-7BA2-4EA2-9573-67E79A6779C2}.Debug|Any CPU.ActiveCfg = Debug|Any CPU
		{C711E992-7BA2-4EA2-9573-67E79A6779C2}.Debug|Any CPU.Build.0 = Debug|Any CPU
		{C711E992-7BA2-4EA2-9573-67E79A6779C2}.Debug|Mixed Platforms.ActiveCfg = Debug|Any CPU
		{C711E992-7BA2-4EA2-9573-67E79A6779C2}.Debug|Mixed Platforms.Build.0 = Debug|Any CPU
		{C711E992-7BA2-4EA2-9573-67E79A6779C2}.Debug|x86.ActiveCfg = Debug|Any CPU
		{C711E992-7BA2-4EA2-9573-67E79A6779C2}.Part1|Any CPU.ActiveCfg = Release|Any CPU
		{C711E992-7BA2-4EA2-9573-67E79A6779C2}.Part1|Any CPU.Build.0 = Release|Any CPU
		{C711E992-7BA2-4EA2-9573-67E79A6779C2}.Part1|Mixed Platforms.ActiveCfg = Release|Any CPU
		{C711E992-7BA2-4EA2-9573-67E79A6779C2}.Part1|Mixed Platforms.Build.0 = Release|Any CPU
		{C711E992-7BA2-4EA2-9573-67E79A6779C2}.Part1|x86.ActiveCfg = Release|Any CPU
		{C711E992-7BA2-4EA2-9573-67E79A6779C2}.Release|Any CPU.ActiveCfg = Release|Any CPU
		{C711E992-7BA2-4EA2-9573-67E79A6779C2}.Release|Any CPU.Build.0 = Release|Any CPU
		{C711E992-7BA2-4EA2-9573-67E79A6779C2}.Release|Mixed Platforms.ActiveCfg = Release|Any CPU
		{C711E992-7BA2-4EA2-9573-67E79A6779C2}.Release|Mixed Platforms.Build.0 = Release|Any CPU
		{C711E992-7BA2-4EA2-9573-67E79A6779C2}.Release|x86.ActiveCfg = Release|Any CPU
		{4A4FDF3C-8827-4E71-A705-7AD964408BB2}.Debug|Any CPU.ActiveCfg = Debug|Any CPU
		{4A4FDF3C-8827-4E71-A705-7AD964408BB2}.Debug|Any CPU.Build.0 = Debug|Any CPU
		{4A4FDF3C-8827-4E71-A705-7AD964408BB2}.Debug|Mixed Platforms.ActiveCfg = Debug|Any CPU
		{4A4FDF3C-8827-4E71-A705-7AD964408BB2}.Debug|Mixed Platforms.Build.0 = Debug|Any CPU
		{4A4FDF3C-8827-4E71-A705-7AD964408BB2}.Debug|x86.ActiveCfg = Debug|Any CPU
		{4A4FDF3C-8827-4E71-A705-7AD964408BB2}.Part1|Any CPU.ActiveCfg = Release|Any CPU
		{4A4FDF3C-8827-4E71-A705-7AD964408BB2}.Part1|Any CPU.Build.0 = Release|Any CPU
		{4A4FDF3C-8827-4E71-A705-7AD964408BB2}.Part1|Mixed Platforms.ActiveCfg = Release|Any CPU
		{4A4FDF3C-8827-4E71-A705-7AD964408BB2}.Part1|Mixed Platforms.Build.0 = Release|Any CPU
		{4A4FDF3C-8827-4E71-A705-7AD964408BB2}.Part1|x86.ActiveCfg = Release|Any CPU
		{4A4FDF3C-8827-4E71-A705-7AD964408BB2}.Release|Any CPU.ActiveCfg = Release|Any CPU
		{4A4FDF3C-8827-4E71-A705-7AD964408BB2}.Release|Any CPU.Build.0 = Release|Any CPU
		{4A4FDF3C-8827-4E71-A705-7AD964408BB2}.Release|Mixed Platforms.ActiveCfg = Release|Any CPU
		{4A4FDF3C-8827-4E71-A705-7AD964408BB2}.Release|Mixed Platforms.Build.0 = Release|Any CPU
		{4A4FDF3C-8827-4E71-A705-7AD964408BB2}.Release|x86.ActiveCfg = Release|Any CPU
		{D32794A2-4CB6-48E8-805D-4942D78A07D7}.Debug|Any CPU.ActiveCfg = Debug|Any CPU
		{D32794A2-4CB6-48E8-805D-4942D78A07D7}.Debug|Any CPU.Build.0 = Debug|Any CPU
		{D32794A2-4CB6-48E8-805D-4942D78A07D7}.Debug|Mixed Platforms.ActiveCfg = Debug|Any CPU
		{D32794A2-4CB6-48E8-805D-4942D78A07D7}.Debug|Mixed Platforms.Build.0 = Debug|Any CPU
		{D32794A2-4CB6-48E8-805D-4942D78A07D7}.Debug|x86.ActiveCfg = Debug|Any CPU
		{D32794A2-4CB6-48E8-805D-4942D78A07D7}.Part1|Any CPU.ActiveCfg = Release|Any CPU
		{D32794A2-4CB6-48E8-805D-4942D78A07D7}.Part1|Any CPU.Build.0 = Release|Any CPU
		{D32794A2-4CB6-48E8-805D-4942D78A07D7}.Part1|Mixed Platforms.ActiveCfg = Release|Any CPU
		{D32794A2-4CB6-48E8-805D-4942D78A07D7}.Part1|Mixed Platforms.Build.0 = Release|Any CPU
		{D32794A2-4CB6-48E8-805D-4942D78A07D7}.Part1|x86.ActiveCfg = Release|Any CPU
		{D32794A2-4CB6-48E8-805D-4942D78A07D7}.Release|Any CPU.ActiveCfg = Release|Any CPU
		{D32794A2-4CB6-48E8-805D-4942D78A07D7}.Release|Mixed Platforms.ActiveCfg = Release|Any CPU
		{D32794A2-4CB6-48E8-805D-4942D78A07D7}.Release|Mixed Platforms.Build.0 = Release|Any CPU
		{D32794A2-4CB6-48E8-805D-4942D78A07D7}.Release|x86.ActiveCfg = Release|Any CPU
		{F51E34F9-C9BA-47BD-9129-1A94D04E62CA}.Debug|Any CPU.ActiveCfg = Debug|Any CPU
		{F51E34F9-C9BA-47BD-9129-1A94D04E62CA}.Debug|Any CPU.Build.0 = Debug|Any CPU
		{F51E34F9-C9BA-47BD-9129-1A94D04E62CA}.Debug|Mixed Platforms.ActiveCfg = Debug|Any CPU
		{F51E34F9-C9BA-47BD-9129-1A94D04E62CA}.Debug|Mixed Platforms.Build.0 = Debug|Any CPU
		{F51E34F9-C9BA-47BD-9129-1A94D04E62CA}.Debug|x86.ActiveCfg = Debug|Any CPU
		{F51E34F9-C9BA-47BD-9129-1A94D04E62CA}.Part1|Any CPU.ActiveCfg = Release|Any CPU
		{F51E34F9-C9BA-47BD-9129-1A94D04E62CA}.Part1|Any CPU.Build.0 = Release|Any CPU
		{F51E34F9-C9BA-47BD-9129-1A94D04E62CA}.Part1|Mixed Platforms.ActiveCfg = Release|Any CPU
		{F51E34F9-C9BA-47BD-9129-1A94D04E62CA}.Part1|Mixed Platforms.Build.0 = Release|Any CPU
		{F51E34F9-C9BA-47BD-9129-1A94D04E62CA}.Part1|x86.ActiveCfg = Release|Any CPU
		{F51E34F9-C9BA-47BD-9129-1A94D04E62CA}.Release|Any CPU.ActiveCfg = Release|Any CPU
		{F51E34F9-C9BA-47BD-9129-1A94D04E62CA}.Release|Any CPU.Build.0 = Release|Any CPU
		{F51E34F9-C9BA-47BD-9129-1A94D04E62CA}.Release|Mixed Platforms.ActiveCfg = Release|Any CPU
		{F51E34F9-C9BA-47BD-9129-1A94D04E62CA}.Release|Mixed Platforms.Build.0 = Release|Any CPU
		{F51E34F9-C9BA-47BD-9129-1A94D04E62CA}.Release|x86.ActiveCfg = Release|Any CPU
		{8801FF8A-067C-4994-BD16-DB0AE136AC58}.Debug|Any CPU.ActiveCfg = Debug|Any CPU
		{8801FF8A-067C-4994-BD16-DB0AE136AC58}.Debug|Mixed Platforms.ActiveCfg = Debug|Any CPU
		{8801FF8A-067C-4994-BD16-DB0AE136AC58}.Debug|x86.ActiveCfg = Debug|Any CPU
		{8801FF8A-067C-4994-BD16-DB0AE136AC58}.Part1|Any CPU.ActiveCfg = Release|Any CPU
		{8801FF8A-067C-4994-BD16-DB0AE136AC58}.Part1|Any CPU.Build.0 = Release|Any CPU
		{8801FF8A-067C-4994-BD16-DB0AE136AC58}.Part1|Mixed Platforms.ActiveCfg = Release|Any CPU
		{8801FF8A-067C-4994-BD16-DB0AE136AC58}.Part1|Mixed Platforms.Build.0 = Release|Any CPU
		{8801FF8A-067C-4994-BD16-DB0AE136AC58}.Part1|x86.ActiveCfg = Release|Any CPU
		{8801FF8A-067C-4994-BD16-DB0AE136AC58}.Release|Any CPU.ActiveCfg = Release|Any CPU
		{8801FF8A-067C-4994-BD16-DB0AE136AC58}.Release|Any CPU.Build.0 = Release|Any CPU
		{8801FF8A-067C-4994-BD16-DB0AE136AC58}.Release|Mixed Platforms.ActiveCfg = Release|Any CPU
		{8801FF8A-067C-4994-BD16-DB0AE136AC58}.Release|Mixed Platforms.Build.0 = Release|Any CPU
		{8801FF8A-067C-4994-BD16-DB0AE136AC58}.Release|x86.ActiveCfg = Release|Any CPU
		{BD7A142C-9EE2-4833-A101-4833968C7541}.Debug|Any CPU.ActiveCfg = Debug|Any CPU
		{BD7A142C-9EE2-4833-A101-4833968C7541}.Debug|Any CPU.Build.0 = Debug|Any CPU
		{BD7A142C-9EE2-4833-A101-4833968C7541}.Debug|Mixed Platforms.ActiveCfg = Debug|Any CPU
		{BD7A142C-9EE2-4833-A101-4833968C7541}.Debug|Mixed Platforms.Build.0 = Debug|Any CPU
		{BD7A142C-9EE2-4833-A101-4833968C7541}.Debug|x86.ActiveCfg = Debug|Any CPU
		{BD7A142C-9EE2-4833-A101-4833968C7541}.Part1|Any CPU.ActiveCfg = Release|Any CPU
		{BD7A142C-9EE2-4833-A101-4833968C7541}.Part1|Any CPU.Build.0 = Release|Any CPU
		{BD7A142C-9EE2-4833-A101-4833968C7541}.Part1|Mixed Platforms.ActiveCfg = Release|Any CPU
		{BD7A142C-9EE2-4833-A101-4833968C7541}.Part1|Mixed Platforms.Build.0 = Release|Any CPU
		{BD7A142C-9EE2-4833-A101-4833968C7541}.Part1|x86.ActiveCfg = Release|Any CPU
		{BD7A142C-9EE2-4833-A101-4833968C7541}.Release|Any CPU.ActiveCfg = Release|Any CPU
		{BD7A142C-9EE2-4833-A101-4833968C7541}.Release|Any CPU.Build.0 = Release|Any CPU
		{BD7A142C-9EE2-4833-A101-4833968C7541}.Release|Mixed Platforms.ActiveCfg = Release|Any CPU
		{BD7A142C-9EE2-4833-A101-4833968C7541}.Release|Mixed Platforms.Build.0 = Release|Any CPU
		{BD7A142C-9EE2-4833-A101-4833968C7541}.Release|x86.ActiveCfg = Release|Any CPU
		{BB1DA090-B58A-456B-8B72-54375260486B}.Debug|Any CPU.ActiveCfg = Debug|Any CPU
		{BB1DA090-B58A-456B-8B72-54375260486B}.Debug|Any CPU.Build.0 = Debug|Any CPU
		{BB1DA090-B58A-456B-8B72-54375260486B}.Debug|Mixed Platforms.ActiveCfg = Debug|Any CPU
		{BB1DA090-B58A-456B-8B72-54375260486B}.Debug|Mixed Platforms.Build.0 = Debug|Any CPU
		{BB1DA090-B58A-456B-8B72-54375260486B}.Debug|x86.ActiveCfg = Debug|Any CPU
		{BB1DA090-B58A-456B-8B72-54375260486B}.Part1|Any CPU.ActiveCfg = Release|Any CPU
		{BB1DA090-B58A-456B-8B72-54375260486B}.Part1|Any CPU.Build.0 = Release|Any CPU
		{BB1DA090-B58A-456B-8B72-54375260486B}.Part1|Mixed Platforms.ActiveCfg = Release|Any CPU
		{BB1DA090-B58A-456B-8B72-54375260486B}.Part1|Mixed Platforms.Build.0 = Release|Any CPU
		{BB1DA090-B58A-456B-8B72-54375260486B}.Part1|x86.ActiveCfg = Release|Any CPU
		{BB1DA090-B58A-456B-8B72-54375260486B}.Release|Any CPU.ActiveCfg = Release|Any CPU
		{BB1DA090-B58A-456B-8B72-54375260486B}.Release|Any CPU.Build.0 = Release|Any CPU
		{BB1DA090-B58A-456B-8B72-54375260486B}.Release|Mixed Platforms.ActiveCfg = Release|Any CPU
		{BB1DA090-B58A-456B-8B72-54375260486B}.Release|Mixed Platforms.Build.0 = Release|Any CPU
		{BB1DA090-B58A-456B-8B72-54375260486B}.Release|x86.ActiveCfg = Release|Any CPU
		{6015B5BA-AC84-4F51-82EE-D6C90BDF1D43}.Debug|Any CPU.ActiveCfg = Debug|Any CPU
		{6015B5BA-AC84-4F51-82EE-D6C90BDF1D43}.Debug|Any CPU.Build.0 = Debug|Any CPU
		{6015B5BA-AC84-4F51-82EE-D6C90BDF1D43}.Debug|Mixed Platforms.ActiveCfg = Debug|Any CPU
		{6015B5BA-AC84-4F51-82EE-D6C90BDF1D43}.Debug|Mixed Platforms.Build.0 = Debug|Any CPU
		{6015B5BA-AC84-4F51-82EE-D6C90BDF1D43}.Debug|x86.ActiveCfg = Debug|Any CPU
		{6015B5BA-AC84-4F51-82EE-D6C90BDF1D43}.Part1|Any CPU.ActiveCfg = Release|Any CPU
		{6015B5BA-AC84-4F51-82EE-D6C90BDF1D43}.Part1|Any CPU.Build.0 = Release|Any CPU
		{6015B5BA-AC84-4F51-82EE-D6C90BDF1D43}.Part1|Mixed Platforms.ActiveCfg = Release|Any CPU
		{6015B5BA-AC84-4F51-82EE-D6C90BDF1D43}.Part1|Mixed Platforms.Build.0 = Release|Any CPU
		{6015B5BA-AC84-4F51-82EE-D6C90BDF1D43}.Part1|x86.ActiveCfg = Release|Any CPU
		{6015B5BA-AC84-4F51-82EE-D6C90BDF1D43}.Release|Any CPU.ActiveCfg = Release|Any CPU
		{6015B5BA-AC84-4F51-82EE-D6C90BDF1D43}.Release|Any CPU.Build.0 = Release|Any CPU
		{6015B5BA-AC84-4F51-82EE-D6C90BDF1D43}.Release|Mixed Platforms.ActiveCfg = Release|Any CPU
		{6015B5BA-AC84-4F51-82EE-D6C90BDF1D43}.Release|Mixed Platforms.Build.0 = Release|Any CPU
		{6015B5BA-AC84-4F51-82EE-D6C90BDF1D43}.Release|x86.ActiveCfg = Release|Any CPU
		{C8436D96-349C-4EA7-A58B-3D21BA93BE22}.Debug|Any CPU.ActiveCfg = Debug|Any CPU
		{C8436D96-349C-4EA7-A58B-3D21BA93BE22}.Debug|Any CPU.Build.0 = Debug|Any CPU
		{C8436D96-349C-4EA7-A58B-3D21BA93BE22}.Debug|Mixed Platforms.ActiveCfg = Debug|Any CPU
		{C8436D96-349C-4EA7-A58B-3D21BA93BE22}.Debug|Mixed Platforms.Build.0 = Debug|Any CPU
		{C8436D96-349C-4EA7-A58B-3D21BA93BE22}.Debug|x86.ActiveCfg = Debug|Any CPU
		{C8436D96-349C-4EA7-A58B-3D21BA93BE22}.Part1|Any CPU.ActiveCfg = Release|Any CPU
		{C8436D96-349C-4EA7-A58B-3D21BA93BE22}.Part1|Any CPU.Build.0 = Release|Any CPU
		{C8436D96-349C-4EA7-A58B-3D21BA93BE22}.Part1|Mixed Platforms.ActiveCfg = Release|Any CPU
		{C8436D96-349C-4EA7-A58B-3D21BA93BE22}.Part1|Mixed Platforms.Build.0 = Release|Any CPU
		{C8436D96-349C-4EA7-A58B-3D21BA93BE22}.Part1|x86.ActiveCfg = Release|Any CPU
		{C8436D96-349C-4EA7-A58B-3D21BA93BE22}.Release|Any CPU.ActiveCfg = Release|Any CPU
		{C8436D96-349C-4EA7-A58B-3D21BA93BE22}.Release|Any CPU.Build.0 = Release|Any CPU
		{C8436D96-349C-4EA7-A58B-3D21BA93BE22}.Release|Mixed Platforms.ActiveCfg = Release|Any CPU
		{C8436D96-349C-4EA7-A58B-3D21BA93BE22}.Release|Mixed Platforms.Build.0 = Release|Any CPU
		{C8436D96-349C-4EA7-A58B-3D21BA93BE22}.Release|x86.ActiveCfg = Release|Any CPU
		{1DDBD2BB-7A7C-4B13-99E7-58282CCCFACE}.Debug|Any CPU.ActiveCfg = Debug|Any CPU
		{1DDBD2BB-7A7C-4B13-99E7-58282CCCFACE}.Debug|Any CPU.Build.0 = Debug|Any CPU
		{1DDBD2BB-7A7C-4B13-99E7-58282CCCFACE}.Debug|Mixed Platforms.ActiveCfg = Debug|Any CPU
		{1DDBD2BB-7A7C-4B13-99E7-58282CCCFACE}.Debug|x86.ActiveCfg = Debug|Any CPU
		{1DDBD2BB-7A7C-4B13-99E7-58282CCCFACE}.Part1|Any CPU.ActiveCfg = Release|Any CPU
		{1DDBD2BB-7A7C-4B13-99E7-58282CCCFACE}.Part1|Any CPU.Build.0 = Release|Any CPU
		{1DDBD2BB-7A7C-4B13-99E7-58282CCCFACE}.Part1|Mixed Platforms.ActiveCfg = Release|Any CPU
		{1DDBD2BB-7A7C-4B13-99E7-58282CCCFACE}.Part1|Mixed Platforms.Build.0 = Release|Any CPU
		{1DDBD2BB-7A7C-4B13-99E7-58282CCCFACE}.Part1|x86.ActiveCfg = Release|Any CPU
		{1DDBD2BB-7A7C-4B13-99E7-58282CCCFACE}.Release|Any CPU.ActiveCfg = Release|Any CPU
		{1DDBD2BB-7A7C-4B13-99E7-58282CCCFACE}.Release|Any CPU.Build.0 = Release|Any CPU
		{1DDBD2BB-7A7C-4B13-99E7-58282CCCFACE}.Release|Mixed Platforms.ActiveCfg = Release|Any CPU
		{1DDBD2BB-7A7C-4B13-99E7-58282CCCFACE}.Release|x86.ActiveCfg = Release|Any CPU
		{29F0B895-BF08-4747-A454-D44C7E43C7B1}.Debug|Any CPU.ActiveCfg = Debug|Any CPU
		{29F0B895-BF08-4747-A454-D44C7E43C7B1}.Debug|Any CPU.Build.0 = Debug|Any CPU
		{29F0B895-BF08-4747-A454-D44C7E43C7B1}.Debug|Mixed Platforms.ActiveCfg = Debug|Any CPU
		{29F0B895-BF08-4747-A454-D44C7E43C7B1}.Debug|Mixed Platforms.Build.0 = Debug|Any CPU
		{29F0B895-BF08-4747-A454-D44C7E43C7B1}.Debug|x86.ActiveCfg = Debug|Any CPU
		{29F0B895-BF08-4747-A454-D44C7E43C7B1}.Part1|Any CPU.ActiveCfg = Release|Any CPU
		{29F0B895-BF08-4747-A454-D44C7E43C7B1}.Part1|Any CPU.Build.0 = Release|Any CPU
		{29F0B895-BF08-4747-A454-D44C7E43C7B1}.Part1|Mixed Platforms.ActiveCfg = Release|Any CPU
		{29F0B895-BF08-4747-A454-D44C7E43C7B1}.Part1|Mixed Platforms.Build.0 = Release|Any CPU
		{29F0B895-BF08-4747-A454-D44C7E43C7B1}.Part1|x86.ActiveCfg = Release|Any CPU
		{29F0B895-BF08-4747-A454-D44C7E43C7B1}.Release|Any CPU.ActiveCfg = Release|Any CPU
		{29F0B895-BF08-4747-A454-D44C7E43C7B1}.Release|Any CPU.Build.0 = Release|Any CPU
		{29F0B895-BF08-4747-A454-D44C7E43C7B1}.Release|Mixed Platforms.ActiveCfg = Release|Any CPU
		{29F0B895-BF08-4747-A454-D44C7E43C7B1}.Release|Mixed Platforms.Build.0 = Release|Any CPU
		{29F0B895-BF08-4747-A454-D44C7E43C7B1}.Release|x86.ActiveCfg = Release|Any CPU
		{873AF969-F8CF-4740-BAC0-57AD7B7B3AE5}.Debug|Any CPU.ActiveCfg = Debug|Any CPU
		{873AF969-F8CF-4740-BAC0-57AD7B7B3AE5}.Debug|Any CPU.Build.0 = Debug|Any CPU
		{873AF969-F8CF-4740-BAC0-57AD7B7B3AE5}.Debug|Mixed Platforms.ActiveCfg = Debug|Any CPU
		{873AF969-F8CF-4740-BAC0-57AD7B7B3AE5}.Debug|Mixed Platforms.Build.0 = Debug|Any CPU
		{873AF969-F8CF-4740-BAC0-57AD7B7B3AE5}.Debug|x86.ActiveCfg = Debug|Any CPU
		{873AF969-F8CF-4740-BAC0-57AD7B7B3AE5}.Part1|Any CPU.ActiveCfg = Release|Any CPU
		{873AF969-F8CF-4740-BAC0-57AD7B7B3AE5}.Part1|Any CPU.Build.0 = Release|Any CPU
		{873AF969-F8CF-4740-BAC0-57AD7B7B3AE5}.Part1|Mixed Platforms.ActiveCfg = Release|Any CPU
		{873AF969-F8CF-4740-BAC0-57AD7B7B3AE5}.Part1|Mixed Platforms.Build.0 = Release|Any CPU
		{873AF969-F8CF-4740-BAC0-57AD7B7B3AE5}.Part1|x86.ActiveCfg = Release|Any CPU
		{873AF969-F8CF-4740-BAC0-57AD7B7B3AE5}.Release|Any CPU.ActiveCfg = Release|Any CPU
		{873AF969-F8CF-4740-BAC0-57AD7B7B3AE5}.Release|Any CPU.Build.0 = Release|Any CPU
		{873AF969-F8CF-4740-BAC0-57AD7B7B3AE5}.Release|Mixed Platforms.ActiveCfg = Release|Any CPU
		{873AF969-F8CF-4740-BAC0-57AD7B7B3AE5}.Release|Mixed Platforms.Build.0 = Release|Any CPU
		{873AF969-F8CF-4740-BAC0-57AD7B7B3AE5}.Release|x86.ActiveCfg = Release|Any CPU
		{ECD37682-DF7E-409F-912D-0965634556B5}.Debug|Any CPU.ActiveCfg = Debug|Any CPU
		{ECD37682-DF7E-409F-912D-0965634556B5}.Debug|Any CPU.Build.0 = Debug|Any CPU
		{ECD37682-DF7E-409F-912D-0965634556B5}.Debug|Mixed Platforms.ActiveCfg = Debug|Any CPU
		{ECD37682-DF7E-409F-912D-0965634556B5}.Debug|Mixed Platforms.Build.0 = Debug|Any CPU
		{ECD37682-DF7E-409F-912D-0965634556B5}.Debug|x86.ActiveCfg = Debug|Any CPU
		{ECD37682-DF7E-409F-912D-0965634556B5}.Part1|Any CPU.ActiveCfg = Release|Any CPU
		{ECD37682-DF7E-409F-912D-0965634556B5}.Part1|Any CPU.Build.0 = Release|Any CPU
		{ECD37682-DF7E-409F-912D-0965634556B5}.Part1|Mixed Platforms.ActiveCfg = Release|Any CPU
		{ECD37682-DF7E-409F-912D-0965634556B5}.Part1|Mixed Platforms.Build.0 = Release|Any CPU
		{ECD37682-DF7E-409F-912D-0965634556B5}.Part1|x86.ActiveCfg = Release|Any CPU
		{ECD37682-DF7E-409F-912D-0965634556B5}.Release|Any CPU.ActiveCfg = Release|Any CPU
		{ECD37682-DF7E-409F-912D-0965634556B5}.Release|Any CPU.Build.0 = Release|Any CPU
		{ECD37682-DF7E-409F-912D-0965634556B5}.Release|Mixed Platforms.ActiveCfg = Release|Any CPU
		{ECD37682-DF7E-409F-912D-0965634556B5}.Release|Mixed Platforms.Build.0 = Release|Any CPU
		{ECD37682-DF7E-409F-912D-0965634556B5}.Release|x86.ActiveCfg = Release|Any CPU
		{602127E5-9143-4ADB-95A7-37E444ACA722}.Debug|Any CPU.ActiveCfg = Debug|Any CPU
		{602127E5-9143-4ADB-95A7-37E444ACA722}.Debug|Any CPU.Build.0 = Debug|Any CPU
		{602127E5-9143-4ADB-95A7-37E444ACA722}.Debug|Mixed Platforms.ActiveCfg = Debug|Any CPU
		{602127E5-9143-4ADB-95A7-37E444ACA722}.Debug|Mixed Platforms.Build.0 = Debug|Any CPU
		{602127E5-9143-4ADB-95A7-37E444ACA722}.Debug|x86.ActiveCfg = Debug|Any CPU
		{602127E5-9143-4ADB-95A7-37E444ACA722}.Part1|Any CPU.ActiveCfg = Release|Any CPU
		{602127E5-9143-4ADB-95A7-37E444ACA722}.Part1|Any CPU.Build.0 = Release|Any CPU
		{602127E5-9143-4ADB-95A7-37E444ACA722}.Part1|Any CPU.Deploy.0 = Release|Any CPU
		{602127E5-9143-4ADB-95A7-37E444ACA722}.Part1|Mixed Platforms.ActiveCfg = Release|Any CPU
		{602127E5-9143-4ADB-95A7-37E444ACA722}.Part1|Mixed Platforms.Build.0 = Release|Any CPU
		{602127E5-9143-4ADB-95A7-37E444ACA722}.Part1|Mixed Platforms.Deploy.0 = Release|Any CPU
		{602127E5-9143-4ADB-95A7-37E444ACA722}.Part1|x86.ActiveCfg = Release|Any CPU
		{602127E5-9143-4ADB-95A7-37E444ACA722}.Release|Any CPU.ActiveCfg = Release|Any CPU
		{602127E5-9143-4ADB-95A7-37E444ACA722}.Release|Any CPU.Build.0 = Release|Any CPU
		{602127E5-9143-4ADB-95A7-37E444ACA722}.Release|Any CPU.Deploy.0 = Release|Any CPU
		{602127E5-9143-4ADB-95A7-37E444ACA722}.Release|Mixed Platforms.ActiveCfg = Release|Any CPU
		{602127E5-9143-4ADB-95A7-37E444ACA722}.Release|Mixed Platforms.Build.0 = Release|Any CPU
		{602127E5-9143-4ADB-95A7-37E444ACA722}.Release|Mixed Platforms.Deploy.0 = Release|Any CPU
		{602127E5-9143-4ADB-95A7-37E444ACA722}.Release|x86.ActiveCfg = Release|Any CPU
		{997C1250-13BF-4429-B0A1-0E036E745625}.Debug|Any CPU.ActiveCfg = Debug|Any CPU
		{997C1250-13BF-4429-B0A1-0E036E745625}.Debug|Any CPU.Build.0 = Debug|Any CPU
		{997C1250-13BF-4429-B0A1-0E036E745625}.Debug|Mixed Platforms.ActiveCfg = Debug|Any CPU
		{997C1250-13BF-4429-B0A1-0E036E745625}.Debug|Mixed Platforms.Build.0 = Debug|Any CPU
		{997C1250-13BF-4429-B0A1-0E036E745625}.Debug|x86.ActiveCfg = Debug|Any CPU
		{997C1250-13BF-4429-B0A1-0E036E745625}.Part1|Any CPU.ActiveCfg = Release|Any CPU
		{997C1250-13BF-4429-B0A1-0E036E745625}.Part1|Any CPU.Build.0 = Release|Any CPU
		{997C1250-13BF-4429-B0A1-0E036E745625}.Part1|Mixed Platforms.ActiveCfg = Release|Any CPU
		{997C1250-13BF-4429-B0A1-0E036E745625}.Part1|Mixed Platforms.Build.0 = Release|Any CPU
		{997C1250-13BF-4429-B0A1-0E036E745625}.Part1|x86.ActiveCfg = Release|Any CPU
		{997C1250-13BF-4429-B0A1-0E036E745625}.Release|Any CPU.ActiveCfg = Release|Any CPU
		{997C1250-13BF-4429-B0A1-0E036E745625}.Release|Any CPU.Build.0 = Release|Any CPU
		{997C1250-13BF-4429-B0A1-0E036E745625}.Release|Mixed Platforms.ActiveCfg = Release|Any CPU
		{997C1250-13BF-4429-B0A1-0E036E745625}.Release|Mixed Platforms.Build.0 = Release|Any CPU
		{997C1250-13BF-4429-B0A1-0E036E745625}.Release|x86.ActiveCfg = Release|Any CPU
		{674056FB-B429-4491-92C4-36BB001751C7}.Debug|Any CPU.ActiveCfg = Debug|Any CPU
		{674056FB-B429-4491-92C4-36BB001751C7}.Debug|Any CPU.Build.0 = Debug|Any CPU
		{674056FB-B429-4491-92C4-36BB001751C7}.Debug|Mixed Platforms.ActiveCfg = Debug|Any CPU
		{674056FB-B429-4491-92C4-36BB001751C7}.Debug|Mixed Platforms.Build.0 = Debug|Any CPU
		{674056FB-B429-4491-92C4-36BB001751C7}.Debug|x86.ActiveCfg = Debug|Any CPU
		{674056FB-B429-4491-92C4-36BB001751C7}.Part1|Any CPU.ActiveCfg = Release|Any CPU
		{674056FB-B429-4491-92C4-36BB001751C7}.Part1|Any CPU.Build.0 = Release|Any CPU
		{674056FB-B429-4491-92C4-36BB001751C7}.Part1|Mixed Platforms.ActiveCfg = Release|Any CPU
		{674056FB-B429-4491-92C4-36BB001751C7}.Part1|Mixed Platforms.Build.0 = Release|Any CPU
		{674056FB-B429-4491-92C4-36BB001751C7}.Part1|x86.ActiveCfg = Release|Any CPU
		{674056FB-B429-4491-92C4-36BB001751C7}.Release|Any CPU.ActiveCfg = Release|Any CPU
		{674056FB-B429-4491-92C4-36BB001751C7}.Release|Any CPU.Build.0 = Release|Any CPU
		{674056FB-B429-4491-92C4-36BB001751C7}.Release|Mixed Platforms.ActiveCfg = Release|Any CPU
		{674056FB-B429-4491-92C4-36BB001751C7}.Release|Mixed Platforms.Build.0 = Release|Any CPU
		{674056FB-B429-4491-92C4-36BB001751C7}.Release|x86.ActiveCfg = Release|Any CPU
		{8412BC60-FB5C-4996-A7E5-BBD0D53733AA}.Debug|Any CPU.ActiveCfg = Debug|x86
		{8412BC60-FB5C-4996-A7E5-BBD0D53733AA}.Debug|Mixed Platforms.ActiveCfg = Debug|x86
		{8412BC60-FB5C-4996-A7E5-BBD0D53733AA}.Debug|Mixed Platforms.Build.0 = Debug|x86
		{8412BC60-FB5C-4996-A7E5-BBD0D53733AA}.Debug|x86.ActiveCfg = Debug|x86
		{8412BC60-FB5C-4996-A7E5-BBD0D53733AA}.Debug|x86.Build.0 = Debug|x86
		{8412BC60-FB5C-4996-A7E5-BBD0D53733AA}.Part1|Any CPU.ActiveCfg = Release|x86
		{8412BC60-FB5C-4996-A7E5-BBD0D53733AA}.Part1|Mixed Platforms.ActiveCfg = Release|x86
		{8412BC60-FB5C-4996-A7E5-BBD0D53733AA}.Part1|Mixed Platforms.Build.0 = Release|x86
		{8412BC60-FB5C-4996-A7E5-BBD0D53733AA}.Part1|x86.ActiveCfg = Release|x86
		{8412BC60-FB5C-4996-A7E5-BBD0D53733AA}.Part1|x86.Build.0 = Release|x86
		{8412BC60-FB5C-4996-A7E5-BBD0D53733AA}.Release|Any CPU.ActiveCfg = Release|x86
		{8412BC60-FB5C-4996-A7E5-BBD0D53733AA}.Release|Mixed Platforms.ActiveCfg = Release|x86
		{8412BC60-FB5C-4996-A7E5-BBD0D53733AA}.Release|Mixed Platforms.Build.0 = Release|x86
		{8412BC60-FB5C-4996-A7E5-BBD0D53733AA}.Release|x86.ActiveCfg = Release|x86
		{8412BC60-FB5C-4996-A7E5-BBD0D53733AA}.Release|x86.Build.0 = Release|x86
		{22E8AF73-0298-40E9-BBFE-6BA069C17C86}.Debug|Any CPU.ActiveCfg = Debug|Any CPU
		{22E8AF73-0298-40E9-BBFE-6BA069C17C86}.Debug|Any CPU.Build.0 = Debug|Any CPU
		{22E8AF73-0298-40E9-BBFE-6BA069C17C86}.Debug|Mixed Platforms.ActiveCfg = Debug|Any CPU
		{22E8AF73-0298-40E9-BBFE-6BA069C17C86}.Debug|Mixed Platforms.Build.0 = Debug|Any CPU
		{22E8AF73-0298-40E9-BBFE-6BA069C17C86}.Debug|x86.ActiveCfg = Debug|Any CPU
		{22E8AF73-0298-40E9-BBFE-6BA069C17C86}.Part1|Any CPU.ActiveCfg = Release|Any CPU
		{22E8AF73-0298-40E9-BBFE-6BA069C17C86}.Part1|Any CPU.Build.0 = Release|Any CPU
		{22E8AF73-0298-40E9-BBFE-6BA069C17C86}.Part1|Mixed Platforms.ActiveCfg = Release|Any CPU
		{22E8AF73-0298-40E9-BBFE-6BA069C17C86}.Part1|Mixed Platforms.Build.0 = Release|Any CPU
		{22E8AF73-0298-40E9-BBFE-6BA069C17C86}.Part1|x86.ActiveCfg = Release|Any CPU
		{22E8AF73-0298-40E9-BBFE-6BA069C17C86}.Release|Any CPU.ActiveCfg = Release|Any CPU
		{22E8AF73-0298-40E9-BBFE-6BA069C17C86}.Release|Any CPU.Build.0 = Release|Any CPU
		{22E8AF73-0298-40E9-BBFE-6BA069C17C86}.Release|Mixed Platforms.ActiveCfg = Release|Any CPU
		{22E8AF73-0298-40E9-BBFE-6BA069C17C86}.Release|Mixed Platforms.Build.0 = Release|Any CPU
		{22E8AF73-0298-40E9-BBFE-6BA069C17C86}.Release|x86.ActiveCfg = Release|Any CPU
		{44B86ABC-C002-49E8-BCA9-813F85A0AEC0}.Debug|Any CPU.ActiveCfg = Debug|Any CPU
		{44B86ABC-C002-49E8-BCA9-813F85A0AEC0}.Debug|Any CPU.Build.0 = Debug|Any CPU
		{44B86ABC-C002-49E8-BCA9-813F85A0AEC0}.Debug|Mixed Platforms.ActiveCfg = Debug|Any CPU
		{44B86ABC-C002-49E8-BCA9-813F85A0AEC0}.Debug|Mixed Platforms.Build.0 = Debug|Any CPU
		{44B86ABC-C002-49E8-BCA9-813F85A0AEC0}.Debug|x86.ActiveCfg = Debug|Any CPU
		{44B86ABC-C002-49E8-BCA9-813F85A0AEC0}.Part1|Any CPU.ActiveCfg = Release|Any CPU
		{44B86ABC-C002-49E8-BCA9-813F85A0AEC0}.Part1|Any CPU.Build.0 = Release|Any CPU
		{44B86ABC-C002-49E8-BCA9-813F85A0AEC0}.Part1|Mixed Platforms.ActiveCfg = Release|Any CPU
		{44B86ABC-C002-49E8-BCA9-813F85A0AEC0}.Part1|Mixed Platforms.Build.0 = Release|Any CPU
		{44B86ABC-C002-49E8-BCA9-813F85A0AEC0}.Part1|x86.ActiveCfg = Release|Any CPU
		{44B86ABC-C002-49E8-BCA9-813F85A0AEC0}.Release|Any CPU.ActiveCfg = Release|Any CPU
		{44B86ABC-C002-49E8-BCA9-813F85A0AEC0}.Release|Any CPU.Build.0 = Release|Any CPU
		{44B86ABC-C002-49E8-BCA9-813F85A0AEC0}.Release|Mixed Platforms.ActiveCfg = Release|Any CPU
		{44B86ABC-C002-49E8-BCA9-813F85A0AEC0}.Release|Mixed Platforms.Build.0 = Release|Any CPU
		{44B86ABC-C002-49E8-BCA9-813F85A0AEC0}.Release|x86.ActiveCfg = Release|Any CPU
		{0095EBDF-4C93-4C0A-8E40-B7E0347C7167}.Debug|Any CPU.ActiveCfg = Debug|Any CPU
		{0095EBDF-4C93-4C0A-8E40-B7E0347C7167}.Debug|Any CPU.Build.0 = Debug|Any CPU
		{0095EBDF-4C93-4C0A-8E40-B7E0347C7167}.Debug|Mixed Platforms.ActiveCfg = Debug|Any CPU
		{0095EBDF-4C93-4C0A-8E40-B7E0347C7167}.Debug|Mixed Platforms.Build.0 = Debug|Any CPU
		{0095EBDF-4C93-4C0A-8E40-B7E0347C7167}.Debug|x86.ActiveCfg = Debug|Any CPU
		{0095EBDF-4C93-4C0A-8E40-B7E0347C7167}.Part1|Any CPU.ActiveCfg = Release|Any CPU
		{0095EBDF-4C93-4C0A-8E40-B7E0347C7167}.Part1|Any CPU.Build.0 = Release|Any CPU
		{0095EBDF-4C93-4C0A-8E40-B7E0347C7167}.Part1|Mixed Platforms.ActiveCfg = Release|Any CPU
		{0095EBDF-4C93-4C0A-8E40-B7E0347C7167}.Part1|Mixed Platforms.Build.0 = Release|Any CPU
		{0095EBDF-4C93-4C0A-8E40-B7E0347C7167}.Part1|x86.ActiveCfg = Release|Any CPU
		{0095EBDF-4C93-4C0A-8E40-B7E0347C7167}.Release|Any CPU.ActiveCfg = Release|Any CPU
		{0095EBDF-4C93-4C0A-8E40-B7E0347C7167}.Release|Any CPU.Build.0 = Release|Any CPU
		{0095EBDF-4C93-4C0A-8E40-B7E0347C7167}.Release|Mixed Platforms.ActiveCfg = Release|Any CPU
		{0095EBDF-4C93-4C0A-8E40-B7E0347C7167}.Release|Mixed Platforms.Build.0 = Release|Any CPU
		{0095EBDF-4C93-4C0A-8E40-B7E0347C7167}.Release|x86.ActiveCfg = Release|Any CPU
		{0318CA59-59DB-49DD-AE91-35D6CE75CF25}.Debug|Any CPU.ActiveCfg = Debug|Any CPU
		{0318CA59-59DB-49DD-AE91-35D6CE75CF25}.Debug|Any CPU.Build.0 = Debug|Any CPU
		{0318CA59-59DB-49DD-AE91-35D6CE75CF25}.Debug|Mixed Platforms.ActiveCfg = Debug|Any CPU
		{0318CA59-59DB-49DD-AE91-35D6CE75CF25}.Debug|Mixed Platforms.Build.0 = Debug|Any CPU
		{0318CA59-59DB-49DD-AE91-35D6CE75CF25}.Debug|x86.ActiveCfg = Debug|Any CPU
		{0318CA59-59DB-49DD-AE91-35D6CE75CF25}.Part1|Any CPU.ActiveCfg = Release|Any CPU
		{0318CA59-59DB-49DD-AE91-35D6CE75CF25}.Part1|Any CPU.Build.0 = Release|Any CPU
		{0318CA59-59DB-49DD-AE91-35D6CE75CF25}.Part1|Mixed Platforms.ActiveCfg = Release|Any CPU
		{0318CA59-59DB-49DD-AE91-35D6CE75CF25}.Part1|Mixed Platforms.Build.0 = Release|Any CPU
		{0318CA59-59DB-49DD-AE91-35D6CE75CF25}.Part1|x86.ActiveCfg = Release|Any CPU
		{0318CA59-59DB-49DD-AE91-35D6CE75CF25}.Release|Any CPU.ActiveCfg = Release|Any CPU
		{0318CA59-59DB-49DD-AE91-35D6CE75CF25}.Release|Any CPU.Build.0 = Release|Any CPU
		{0318CA59-59DB-49DD-AE91-35D6CE75CF25}.Release|Mixed Platforms.ActiveCfg = Release|Any CPU
		{0318CA59-59DB-49DD-AE91-35D6CE75CF25}.Release|Mixed Platforms.Build.0 = Release|Any CPU
		{0318CA59-59DB-49DD-AE91-35D6CE75CF25}.Release|x86.ActiveCfg = Release|Any CPU
		{18E142A3-5835-4AD3-8462-DD2D8C725756}.Debug|Any CPU.ActiveCfg = Debug|Any CPU
		{18E142A3-5835-4AD3-8462-DD2D8C725756}.Debug|Any CPU.Build.0 = Debug|Any CPU
		{18E142A3-5835-4AD3-8462-DD2D8C725756}.Debug|Mixed Platforms.ActiveCfg = Debug|Any CPU
		{18E142A3-5835-4AD3-8462-DD2D8C725756}.Debug|Mixed Platforms.Build.0 = Debug|Any CPU
		{18E142A3-5835-4AD3-8462-DD2D8C725756}.Debug|x86.ActiveCfg = Debug|Any CPU
		{18E142A3-5835-4AD3-8462-DD2D8C725756}.Part1|Any CPU.ActiveCfg = Release|Any CPU
		{18E142A3-5835-4AD3-8462-DD2D8C725756}.Part1|Any CPU.Build.0 = Release|Any CPU
		{18E142A3-5835-4AD3-8462-DD2D8C725756}.Part1|Mixed Platforms.ActiveCfg = Release|Any CPU
		{18E142A3-5835-4AD3-8462-DD2D8C725756}.Part1|Mixed Platforms.Build.0 = Release|Any CPU
		{18E142A3-5835-4AD3-8462-DD2D8C725756}.Part1|x86.ActiveCfg = Release|Any CPU
		{18E142A3-5835-4AD3-8462-DD2D8C725756}.Release|Any CPU.ActiveCfg = Release|Any CPU
		{18E142A3-5835-4AD3-8462-DD2D8C725756}.Release|Any CPU.Build.0 = Release|Any CPU
		{18E142A3-5835-4AD3-8462-DD2D8C725756}.Release|Mixed Platforms.ActiveCfg = Release|Any CPU
		{18E142A3-5835-4AD3-8462-DD2D8C725756}.Release|Mixed Platforms.Build.0 = Release|Any CPU
		{18E142A3-5835-4AD3-8462-DD2D8C725756}.Release|x86.ActiveCfg = Release|Any CPU
		{7D258DF9-4DD8-4BB0-82AA-42DCC61374FA}.Debug|Any CPU.ActiveCfg = Debug|Any CPU
		{7D258DF9-4DD8-4BB0-82AA-42DCC61374FA}.Debug|Any CPU.Build.0 = Debug|Any CPU
		{7D258DF9-4DD8-4BB0-82AA-42DCC61374FA}.Debug|Mixed Platforms.ActiveCfg = Debug|Any CPU
		{7D258DF9-4DD8-4BB0-82AA-42DCC61374FA}.Debug|Mixed Platforms.Build.0 = Debug|Any CPU
		{7D258DF9-4DD8-4BB0-82AA-42DCC61374FA}.Debug|x86.ActiveCfg = Debug|Any CPU
		{7D258DF9-4DD8-4BB0-82AA-42DCC61374FA}.Part1|Any CPU.ActiveCfg = Release|Any CPU
		{7D258DF9-4DD8-4BB0-82AA-42DCC61374FA}.Part1|Any CPU.Build.0 = Release|Any CPU
		{7D258DF9-4DD8-4BB0-82AA-42DCC61374FA}.Part1|Mixed Platforms.ActiveCfg = Release|Any CPU
		{7D258DF9-4DD8-4BB0-82AA-42DCC61374FA}.Part1|Mixed Platforms.Build.0 = Release|Any CPU
		{7D258DF9-4DD8-4BB0-82AA-42DCC61374FA}.Part1|x86.ActiveCfg = Release|Any CPU
		{7D258DF9-4DD8-4BB0-82AA-42DCC61374FA}.Release|Any CPU.ActiveCfg = Release|Any CPU
		{7D258DF9-4DD8-4BB0-82AA-42DCC61374FA}.Release|Any CPU.Build.0 = Release|Any CPU
		{7D258DF9-4DD8-4BB0-82AA-42DCC61374FA}.Release|Mixed Platforms.ActiveCfg = Release|Any CPU
		{7D258DF9-4DD8-4BB0-82AA-42DCC61374FA}.Release|Mixed Platforms.Build.0 = Release|Any CPU
		{7D258DF9-4DD8-4BB0-82AA-42DCC61374FA}.Release|x86.ActiveCfg = Release|Any CPU
		{0AACD464-22B9-4509-8486-0D14858BCF28}.Debug|Any CPU.ActiveCfg = Debug|Any CPU
		{0AACD464-22B9-4509-8486-0D14858BCF28}.Debug|Any CPU.Build.0 = Debug|Any CPU
		{0AACD464-22B9-4509-8486-0D14858BCF28}.Debug|Mixed Platforms.ActiveCfg = Debug|Any CPU
		{0AACD464-22B9-4509-8486-0D14858BCF28}.Debug|Mixed Platforms.Build.0 = Debug|Any CPU
		{0AACD464-22B9-4509-8486-0D14858BCF28}.Debug|x86.ActiveCfg = Debug|Any CPU
		{0AACD464-22B9-4509-8486-0D14858BCF28}.Part1|Any CPU.ActiveCfg = Release|Any CPU
		{0AACD464-22B9-4509-8486-0D14858BCF28}.Part1|Any CPU.Build.0 = Release|Any CPU
		{0AACD464-22B9-4509-8486-0D14858BCF28}.Part1|Mixed Platforms.ActiveCfg = Release|Any CPU
		{0AACD464-22B9-4509-8486-0D14858BCF28}.Part1|Mixed Platforms.Build.0 = Release|Any CPU
		{0AACD464-22B9-4509-8486-0D14858BCF28}.Part1|x86.ActiveCfg = Release|Any CPU
		{0AACD464-22B9-4509-8486-0D14858BCF28}.Release|Any CPU.ActiveCfg = Release|Any CPU
		{0AACD464-22B9-4509-8486-0D14858BCF28}.Release|Any CPU.Build.0 = Release|Any CPU
		{0AACD464-22B9-4509-8486-0D14858BCF28}.Release|Mixed Platforms.ActiveCfg = Release|Any CPU
		{0AACD464-22B9-4509-8486-0D14858BCF28}.Release|Mixed Platforms.Build.0 = Release|Any CPU
		{0AACD464-22B9-4509-8486-0D14858BCF28}.Release|x86.ActiveCfg = Release|Any CPU
		{B005825C-7051-4E72-A39A-A0BD3DE7994F}.Debug|Any CPU.ActiveCfg = Debug|Any CPU
		{B005825C-7051-4E72-A39A-A0BD3DE7994F}.Debug|Any CPU.Build.0 = Debug|Any CPU
		{B005825C-7051-4E72-A39A-A0BD3DE7994F}.Debug|Mixed Platforms.ActiveCfg = Debug|Any CPU
		{B005825C-7051-4E72-A39A-A0BD3DE7994F}.Debug|Mixed Platforms.Build.0 = Debug|Any CPU
		{B005825C-7051-4E72-A39A-A0BD3DE7994F}.Debug|x86.ActiveCfg = Debug|Any CPU
		{B005825C-7051-4E72-A39A-A0BD3DE7994F}.Part1|Any CPU.ActiveCfg = Release|Any CPU
		{B005825C-7051-4E72-A39A-A0BD3DE7994F}.Part1|Any CPU.Build.0 = Release|Any CPU
		{B005825C-7051-4E72-A39A-A0BD3DE7994F}.Part1|Mixed Platforms.ActiveCfg = Release|Any CPU
		{B005825C-7051-4E72-A39A-A0BD3DE7994F}.Part1|Mixed Platforms.Build.0 = Release|Any CPU
		{B005825C-7051-4E72-A39A-A0BD3DE7994F}.Part1|x86.ActiveCfg = Release|Any CPU
		{B005825C-7051-4E72-A39A-A0BD3DE7994F}.Release|Any CPU.ActiveCfg = Release|Any CPU
		{B005825C-7051-4E72-A39A-A0BD3DE7994F}.Release|Any CPU.Build.0 = Release|Any CPU
		{B005825C-7051-4E72-A39A-A0BD3DE7994F}.Release|Mixed Platforms.ActiveCfg = Release|Any CPU
		{B005825C-7051-4E72-A39A-A0BD3DE7994F}.Release|Mixed Platforms.Build.0 = Release|Any CPU
		{B005825C-7051-4E72-A39A-A0BD3DE7994F}.Release|x86.ActiveCfg = Release|Any CPU
		{2CE09483-D616-4AF8-8581-998A368F39B4}.Debug|Any CPU.ActiveCfg = Debug|x86
		{2CE09483-D616-4AF8-8581-998A368F39B4}.Debug|Mixed Platforms.ActiveCfg = Debug|x86
		{2CE09483-D616-4AF8-8581-998A368F39B4}.Debug|Mixed Platforms.Build.0 = Debug|x86
		{2CE09483-D616-4AF8-8581-998A368F39B4}.Debug|x86.ActiveCfg = Debug|x86
		{2CE09483-D616-4AF8-8581-998A368F39B4}.Debug|x86.Build.0 = Debug|x86
		{2CE09483-D616-4AF8-8581-998A368F39B4}.Part1|Any CPU.ActiveCfg = Release|x86
		{2CE09483-D616-4AF8-8581-998A368F39B4}.Part1|Mixed Platforms.ActiveCfg = Release|x86
		{2CE09483-D616-4AF8-8581-998A368F39B4}.Part1|Mixed Platforms.Build.0 = Release|x86
		{2CE09483-D616-4AF8-8581-998A368F39B4}.Part1|x86.ActiveCfg = Release|x86
		{2CE09483-D616-4AF8-8581-998A368F39B4}.Part1|x86.Build.0 = Release|x86
		{2CE09483-D616-4AF8-8581-998A368F39B4}.Release|Any CPU.ActiveCfg = Release|x86
		{2CE09483-D616-4AF8-8581-998A368F39B4}.Release|Mixed Platforms.ActiveCfg = Release|x86
		{2CE09483-D616-4AF8-8581-998A368F39B4}.Release|Mixed Platforms.Build.0 = Release|x86
		{2CE09483-D616-4AF8-8581-998A368F39B4}.Release|x86.ActiveCfg = Release|x86
		{2CE09483-D616-4AF8-8581-998A368F39B4}.Release|x86.Build.0 = Release|x86
		{965F1CA4-7787-4CAB-94A4-67217615B855}.Debug|Any CPU.ActiveCfg = Debug|x86
		{965F1CA4-7787-4CAB-94A4-67217615B855}.Debug|Mixed Platforms.ActiveCfg = Debug|x86
		{965F1CA4-7787-4CAB-94A4-67217615B855}.Debug|Mixed Platforms.Build.0 = Debug|x86
		{965F1CA4-7787-4CAB-94A4-67217615B855}.Debug|x86.ActiveCfg = Debug|x86
		{965F1CA4-7787-4CAB-94A4-67217615B855}.Debug|x86.Build.0 = Debug|x86
		{965F1CA4-7787-4CAB-94A4-67217615B855}.Part1|Any CPU.ActiveCfg = Release|x86
		{965F1CA4-7787-4CAB-94A4-67217615B855}.Part1|Mixed Platforms.ActiveCfg = Release|x86
		{965F1CA4-7787-4CAB-94A4-67217615B855}.Part1|Mixed Platforms.Build.0 = Release|x86
		{965F1CA4-7787-4CAB-94A4-67217615B855}.Part1|x86.ActiveCfg = Release|x86
		{965F1CA4-7787-4CAB-94A4-67217615B855}.Part1|x86.Build.0 = Release|x86
		{965F1CA4-7787-4CAB-94A4-67217615B855}.Release|Any CPU.ActiveCfg = Release|x86
		{965F1CA4-7787-4CAB-94A4-67217615B855}.Release|Mixed Platforms.ActiveCfg = Release|x86
		{965F1CA4-7787-4CAB-94A4-67217615B855}.Release|Mixed Platforms.Build.0 = Release|x86
		{965F1CA4-7787-4CAB-94A4-67217615B855}.Release|x86.ActiveCfg = Release|x86
		{965F1CA4-7787-4CAB-94A4-67217615B855}.Release|x86.Build.0 = Release|x86
		{C8766AE8-E649-4D05-A206-7D2FAB63F14A}.Debug|Any CPU.ActiveCfg = Debug|Any CPU
		{C8766AE8-E649-4D05-A206-7D2FAB63F14A}.Debug|Any CPU.Build.0 = Debug|Any CPU
		{C8766AE8-E649-4D05-A206-7D2FAB63F14A}.Debug|Mixed Platforms.ActiveCfg = Debug|Any CPU
		{C8766AE8-E649-4D05-A206-7D2FAB63F14A}.Debug|Mixed Platforms.Build.0 = Debug|Any CPU
		{C8766AE8-E649-4D05-A206-7D2FAB63F14A}.Debug|x86.ActiveCfg = Debug|Any CPU
		{C8766AE8-E649-4D05-A206-7D2FAB63F14A}.Part1|Any CPU.ActiveCfg = Release|Any CPU
		{C8766AE8-E649-4D05-A206-7D2FAB63F14A}.Part1|Any CPU.Build.0 = Release|Any CPU
		{C8766AE8-E649-4D05-A206-7D2FAB63F14A}.Part1|Mixed Platforms.ActiveCfg = Release|Any CPU
		{C8766AE8-E649-4D05-A206-7D2FAB63F14A}.Part1|Mixed Platforms.Build.0 = Release|Any CPU
		{C8766AE8-E649-4D05-A206-7D2FAB63F14A}.Part1|x86.ActiveCfg = Release|Any CPU
		{C8766AE8-E649-4D05-A206-7D2FAB63F14A}.Release|Any CPU.ActiveCfg = Release|Any CPU
		{C8766AE8-E649-4D05-A206-7D2FAB63F14A}.Release|Any CPU.Build.0 = Release|Any CPU
		{C8766AE8-E649-4D05-A206-7D2FAB63F14A}.Release|Mixed Platforms.ActiveCfg = Release|Any CPU
		{C8766AE8-E649-4D05-A206-7D2FAB63F14A}.Release|Mixed Platforms.Build.0 = Release|Any CPU
		{C8766AE8-E649-4D05-A206-7D2FAB63F14A}.Release|x86.ActiveCfg = Release|Any CPU
		{21C4A910-0C04-436D-B797-4D564DB29627}.Debug|Any CPU.ActiveCfg = Debug|Any CPU
		{21C4A910-0C04-436D-B797-4D564DB29627}.Debug|Any CPU.Build.0 = Debug|Any CPU
		{21C4A910-0C04-436D-B797-4D564DB29627}.Debug|Mixed Platforms.ActiveCfg = Debug|Any CPU
		{21C4A910-0C04-436D-B797-4D564DB29627}.Debug|Mixed Platforms.Build.0 = Debug|Any CPU
		{21C4A910-0C04-436D-B797-4D564DB29627}.Debug|x86.ActiveCfg = Debug|Any CPU
		{21C4A910-0C04-436D-B797-4D564DB29627}.Part1|Any CPU.ActiveCfg = Release|Any CPU
		{21C4A910-0C04-436D-B797-4D564DB29627}.Part1|Any CPU.Build.0 = Release|Any CPU
		{21C4A910-0C04-436D-B797-4D564DB29627}.Part1|Mixed Platforms.ActiveCfg = Release|Any CPU
		{21C4A910-0C04-436D-B797-4D564DB29627}.Part1|Mixed Platforms.Build.0 = Release|Any CPU
		{21C4A910-0C04-436D-B797-4D564DB29627}.Part1|x86.ActiveCfg = Release|Any CPU
		{21C4A910-0C04-436D-B797-4D564DB29627}.Release|Any CPU.ActiveCfg = Release|Any CPU
		{21C4A910-0C04-436D-B797-4D564DB29627}.Release|Any CPU.Build.0 = Release|Any CPU
		{21C4A910-0C04-436D-B797-4D564DB29627}.Release|Mixed Platforms.ActiveCfg = Release|Any CPU
		{21C4A910-0C04-436D-B797-4D564DB29627}.Release|Mixed Platforms.Build.0 = Release|Any CPU
		{21C4A910-0C04-436D-B797-4D564DB29627}.Release|x86.ActiveCfg = Release|Any CPU
		{ED74F999-1985-44BB-B0EE-8EA37FA0D7CC}.Debug|Any CPU.ActiveCfg = Debug|Any CPU
		{ED74F999-1985-44BB-B0EE-8EA37FA0D7CC}.Debug|Any CPU.Build.0 = Debug|Any CPU
		{ED74F999-1985-44BB-B0EE-8EA37FA0D7CC}.Debug|Mixed Platforms.ActiveCfg = Debug|Any CPU
		{ED74F999-1985-44BB-B0EE-8EA37FA0D7CC}.Debug|Mixed Platforms.Build.0 = Debug|Any CPU
		{ED74F999-1985-44BB-B0EE-8EA37FA0D7CC}.Debug|x86.ActiveCfg = Debug|Any CPU
		{ED74F999-1985-44BB-B0EE-8EA37FA0D7CC}.Part1|Any CPU.ActiveCfg = Release|Any CPU
		{ED74F999-1985-44BB-B0EE-8EA37FA0D7CC}.Part1|Any CPU.Build.0 = Release|Any CPU
		{ED74F999-1985-44BB-B0EE-8EA37FA0D7CC}.Part1|Mixed Platforms.ActiveCfg = Release|Any CPU
		{ED74F999-1985-44BB-B0EE-8EA37FA0D7CC}.Part1|Mixed Platforms.Build.0 = Release|Any CPU
		{ED74F999-1985-44BB-B0EE-8EA37FA0D7CC}.Part1|x86.ActiveCfg = Release|Any CPU
		{ED74F999-1985-44BB-B0EE-8EA37FA0D7CC}.Release|Any CPU.ActiveCfg = Release|Any CPU
		{ED74F999-1985-44BB-B0EE-8EA37FA0D7CC}.Release|Any CPU.Build.0 = Release|Any CPU
		{ED74F999-1985-44BB-B0EE-8EA37FA0D7CC}.Release|Mixed Platforms.ActiveCfg = Release|Any CPU
		{ED74F999-1985-44BB-B0EE-8EA37FA0D7CC}.Release|Mixed Platforms.Build.0 = Release|Any CPU
		{ED74F999-1985-44BB-B0EE-8EA37FA0D7CC}.Release|x86.ActiveCfg = Release|Any CPU
		{ADB28C09-8DE9-4006-80D5-74856EB4A48B}.Debug|Any CPU.ActiveCfg = Debug|Any CPU
		{ADB28C09-8DE9-4006-80D5-74856EB4A48B}.Debug|Any CPU.Build.0 = Debug|Any CPU
		{ADB28C09-8DE9-4006-80D5-74856EB4A48B}.Debug|Mixed Platforms.ActiveCfg = Debug|Any CPU
		{ADB28C09-8DE9-4006-80D5-74856EB4A48B}.Debug|Mixed Platforms.Build.0 = Debug|Any CPU
		{ADB28C09-8DE9-4006-80D5-74856EB4A48B}.Debug|x86.ActiveCfg = Debug|Any CPU
		{ADB28C09-8DE9-4006-80D5-74856EB4A48B}.Part1|Any CPU.ActiveCfg = Release|Any CPU
		{ADB28C09-8DE9-4006-80D5-74856EB4A48B}.Part1|Any CPU.Build.0 = Release|Any CPU
		{ADB28C09-8DE9-4006-80D5-74856EB4A48B}.Part1|Mixed Platforms.ActiveCfg = Release|Any CPU
		{ADB28C09-8DE9-4006-80D5-74856EB4A48B}.Part1|Mixed Platforms.Build.0 = Release|Any CPU
		{ADB28C09-8DE9-4006-80D5-74856EB4A48B}.Part1|x86.ActiveCfg = Release|Any CPU
		{ADB28C09-8DE9-4006-80D5-74856EB4A48B}.Release|Any CPU.ActiveCfg = Release|Any CPU
		{ADB28C09-8DE9-4006-80D5-74856EB4A48B}.Release|Any CPU.Build.0 = Release|Any CPU
		{ADB28C09-8DE9-4006-80D5-74856EB4A48B}.Release|Mixed Platforms.ActiveCfg = Release|Any CPU
		{ADB28C09-8DE9-4006-80D5-74856EB4A48B}.Release|Mixed Platforms.Build.0 = Release|Any CPU
		{ADB28C09-8DE9-4006-80D5-74856EB4A48B}.Release|x86.ActiveCfg = Release|Any CPU
		{BD7821F7-C24B-4445-B612-8F18CE16ACF9}.Debug|Any CPU.ActiveCfg = Debug|Any CPU
		{BD7821F7-C24B-4445-B612-8F18CE16ACF9}.Debug|Any CPU.Build.0 = Debug|Any CPU
		{BD7821F7-C24B-4445-B612-8F18CE16ACF9}.Debug|Mixed Platforms.ActiveCfg = Debug|Any CPU
		{BD7821F7-C24B-4445-B612-8F18CE16ACF9}.Debug|x86.ActiveCfg = Debug|Any CPU
		{BD7821F7-C24B-4445-B612-8F18CE16ACF9}.Part1|Any CPU.ActiveCfg = Release|Any CPU
		{BD7821F7-C24B-4445-B612-8F18CE16ACF9}.Part1|Any CPU.Build.0 = Release|Any CPU
		{BD7821F7-C24B-4445-B612-8F18CE16ACF9}.Part1|Mixed Platforms.ActiveCfg = Release|Any CPU
		{BD7821F7-C24B-4445-B612-8F18CE16ACF9}.Part1|Mixed Platforms.Build.0 = Release|Any CPU
		{BD7821F7-C24B-4445-B612-8F18CE16ACF9}.Part1|x86.ActiveCfg = Release|Any CPU
		{BD7821F7-C24B-4445-B612-8F18CE16ACF9}.Release|Any CPU.ActiveCfg = Release|Any CPU
		{BD7821F7-C24B-4445-B612-8F18CE16ACF9}.Release|Any CPU.Build.0 = Release|Any CPU
		{BD7821F7-C24B-4445-B612-8F18CE16ACF9}.Release|Mixed Platforms.ActiveCfg = Release|Any CPU
		{BD7821F7-C24B-4445-B612-8F18CE16ACF9}.Release|Mixed Platforms.Build.0 = Release|Any CPU
		{BD7821F7-C24B-4445-B612-8F18CE16ACF9}.Release|x86.ActiveCfg = Release|Any CPU
		{78EECC01-BAE7-4914-BE2D-6BAB1059F29B}.Debug|Any CPU.ActiveCfg = Debug|Any CPU
		{78EECC01-BAE7-4914-BE2D-6BAB1059F29B}.Debug|Any CPU.Build.0 = Debug|Any CPU
		{78EECC01-BAE7-4914-BE2D-6BAB1059F29B}.Debug|Mixed Platforms.ActiveCfg = Debug|Any CPU
		{78EECC01-BAE7-4914-BE2D-6BAB1059F29B}.Debug|Mixed Platforms.Build.0 = Debug|Any CPU
		{78EECC01-BAE7-4914-BE2D-6BAB1059F29B}.Debug|x86.ActiveCfg = Debug|Any CPU
		{78EECC01-BAE7-4914-BE2D-6BAB1059F29B}.Part1|Any CPU.ActiveCfg = Release|Any CPU
		{78EECC01-BAE7-4914-BE2D-6BAB1059F29B}.Part1|Any CPU.Build.0 = Release|Any CPU
		{78EECC01-BAE7-4914-BE2D-6BAB1059F29B}.Part1|Mixed Platforms.ActiveCfg = Release|Any CPU
		{78EECC01-BAE7-4914-BE2D-6BAB1059F29B}.Part1|Mixed Platforms.Build.0 = Release|Any CPU
		{78EECC01-BAE7-4914-BE2D-6BAB1059F29B}.Part1|x86.ActiveCfg = Release|Any CPU
		{78EECC01-BAE7-4914-BE2D-6BAB1059F29B}.Release|Any CPU.ActiveCfg = Release|Any CPU
		{78EECC01-BAE7-4914-BE2D-6BAB1059F29B}.Release|Any CPU.Build.0 = Release|Any CPU
		{78EECC01-BAE7-4914-BE2D-6BAB1059F29B}.Release|Mixed Platforms.ActiveCfg = Release|Any CPU
		{78EECC01-BAE7-4914-BE2D-6BAB1059F29B}.Release|Mixed Platforms.Build.0 = Release|Any CPU
		{78EECC01-BAE7-4914-BE2D-6BAB1059F29B}.Release|x86.ActiveCfg = Release|Any CPU
		{022EDA6A-0B76-44C3-A530-8312C1B40030}.Debug|Any CPU.ActiveCfg = Debug|Any CPU
		{022EDA6A-0B76-44C3-A530-8312C1B40030}.Debug|Any CPU.Build.0 = Debug|Any CPU
		{022EDA6A-0B76-44C3-A530-8312C1B40030}.Debug|Mixed Platforms.ActiveCfg = Debug|Any CPU
		{022EDA6A-0B76-44C3-A530-8312C1B40030}.Debug|Mixed Platforms.Build.0 = Debug|Any CPU
		{022EDA6A-0B76-44C3-A530-8312C1B40030}.Debug|x86.ActiveCfg = Debug|Any CPU
		{022EDA6A-0B76-44C3-A530-8312C1B40030}.Part1|Any CPU.ActiveCfg = Part1|Any CPU
		{022EDA6A-0B76-44C3-A530-8312C1B40030}.Part1|Any CPU.Build.0 = Part1|Any CPU
		{022EDA6A-0B76-44C3-A530-8312C1B40030}.Part1|Mixed Platforms.ActiveCfg = Part1|Any CPU
		{022EDA6A-0B76-44C3-A530-8312C1B40030}.Part1|Mixed Platforms.Build.0 = Part1|Any CPU
		{022EDA6A-0B76-44C3-A530-8312C1B40030}.Part1|x86.ActiveCfg = Part1|Any CPU
		{022EDA6A-0B76-44C3-A530-8312C1B40030}.Release|Any CPU.ActiveCfg = Release|Any CPU
		{022EDA6A-0B76-44C3-A530-8312C1B40030}.Release|Any CPU.Build.0 = Release|Any CPU
		{022EDA6A-0B76-44C3-A530-8312C1B40030}.Release|Mixed Platforms.ActiveCfg = Release|Any CPU
		{022EDA6A-0B76-44C3-A530-8312C1B40030}.Release|Mixed Platforms.Build.0 = Release|Any CPU
		{022EDA6A-0B76-44C3-A530-8312C1B40030}.Release|x86.ActiveCfg = Release|Any CPU
		{461D5C87-6A4D-4846-AEF8-6FA4E2256647}.Debug|Any CPU.ActiveCfg = Debug|x86
		{461D5C87-6A4D-4846-AEF8-6FA4E2256647}.Debug|Mixed Platforms.ActiveCfg = Debug|x86
		{461D5C87-6A4D-4846-AEF8-6FA4E2256647}.Debug|Mixed Platforms.Build.0 = Debug|x86
		{461D5C87-6A4D-4846-AEF8-6FA4E2256647}.Debug|x86.ActiveCfg = Debug|x86
		{461D5C87-6A4D-4846-AEF8-6FA4E2256647}.Debug|x86.Build.0 = Debug|x86
		{461D5C87-6A4D-4846-AEF8-6FA4E2256647}.Part1|Any CPU.ActiveCfg = Release|x86
		{461D5C87-6A4D-4846-AEF8-6FA4E2256647}.Part1|Mixed Platforms.ActiveCfg = Release|x86
		{461D5C87-6A4D-4846-AEF8-6FA4E2256647}.Part1|Mixed Platforms.Build.0 = Release|x86
		{461D5C87-6A4D-4846-AEF8-6FA4E2256647}.Part1|x86.ActiveCfg = Release|x86
		{461D5C87-6A4D-4846-AEF8-6FA4E2256647}.Part1|x86.Build.0 = Release|x86
		{461D5C87-6A4D-4846-AEF8-6FA4E2256647}.Release|Any CPU.ActiveCfg = Release|x86
		{461D5C87-6A4D-4846-AEF8-6FA4E2256647}.Release|Mixed Platforms.ActiveCfg = Release|x86
		{461D5C87-6A4D-4846-AEF8-6FA4E2256647}.Release|Mixed Platforms.Build.0 = Release|x86
		{461D5C87-6A4D-4846-AEF8-6FA4E2256647}.Release|x86.ActiveCfg = Release|x86
		{461D5C87-6A4D-4846-AEF8-6FA4E2256647}.Release|x86.Build.0 = Release|x86
		{A6E689DC-3DAC-4DDD-8673-9D9467DBEDB8}.Debug|Any CPU.ActiveCfg = Debug|Any CPU
		{A6E689DC-3DAC-4DDD-8673-9D9467DBEDB8}.Debug|Any CPU.Build.0 = Debug|Any CPU
		{A6E689DC-3DAC-4DDD-8673-9D9467DBEDB8}.Debug|Mixed Platforms.ActiveCfg = Debug|Any CPU
		{A6E689DC-3DAC-4DDD-8673-9D9467DBEDB8}.Debug|Mixed Platforms.Build.0 = Debug|Any CPU
		{A6E689DC-3DAC-4DDD-8673-9D9467DBEDB8}.Debug|x86.ActiveCfg = Debug|Any CPU
		{A6E689DC-3DAC-4DDD-8673-9D9467DBEDB8}.Part1|Any CPU.ActiveCfg = Release|Any CPU
		{A6E689DC-3DAC-4DDD-8673-9D9467DBEDB8}.Part1|Any CPU.Build.0 = Release|Any CPU
		{A6E689DC-3DAC-4DDD-8673-9D9467DBEDB8}.Part1|Mixed Platforms.ActiveCfg = Release|Any CPU
		{A6E689DC-3DAC-4DDD-8673-9D9467DBEDB8}.Part1|Mixed Platforms.Build.0 = Release|Any CPU
		{A6E689DC-3DAC-4DDD-8673-9D9467DBEDB8}.Part1|x86.ActiveCfg = Release|Any CPU
		{A6E689DC-3DAC-4DDD-8673-9D9467DBEDB8}.Release|Any CPU.ActiveCfg = Release|Any CPU
		{A6E689DC-3DAC-4DDD-8673-9D9467DBEDB8}.Release|Any CPU.Build.0 = Release|Any CPU
		{A6E689DC-3DAC-4DDD-8673-9D9467DBEDB8}.Release|Mixed Platforms.ActiveCfg = Release|Any CPU
		{A6E689DC-3DAC-4DDD-8673-9D9467DBEDB8}.Release|Mixed Platforms.Build.0 = Release|Any CPU
		{A6E689DC-3DAC-4DDD-8673-9D9467DBEDB8}.Release|x86.ActiveCfg = Release|Any CPU
		{09F98DCA-69F9-470E-BB23-A3292E3097F6}.Debug|Any CPU.ActiveCfg = Debug
		{09F98DCA-69F9-470E-BB23-A3292E3097F6}.Debug|Mixed Platforms.ActiveCfg = Debug
		{09F98DCA-69F9-470E-BB23-A3292E3097F6}.Debug|x86.ActiveCfg = Debug
		{09F98DCA-69F9-470E-BB23-A3292E3097F6}.Part1|Any CPU.ActiveCfg = Release
		{09F98DCA-69F9-470E-BB23-A3292E3097F6}.Part1|Mixed Platforms.ActiveCfg = Release
		{09F98DCA-69F9-470E-BB23-A3292E3097F6}.Part1|x86.ActiveCfg = Release
		{09F98DCA-69F9-470E-BB23-A3292E3097F6}.Release|Any CPU.ActiveCfg = Release
		{09F98DCA-69F9-470E-BB23-A3292E3097F6}.Release|Mixed Platforms.ActiveCfg = Release
		{09F98DCA-69F9-470E-BB23-A3292E3097F6}.Release|x86.ActiveCfg = Release
		{C6909480-9793-49DC-AF28-FA81C76E976A}.Debug|Any CPU.ActiveCfg = Debug|Any CPU
		{C6909480-9793-49DC-AF28-FA81C76E976A}.Debug|Any CPU.Build.0 = Debug|Any CPU
		{C6909480-9793-49DC-AF28-FA81C76E976A}.Debug|Mixed Platforms.ActiveCfg = Debug|Any CPU
		{C6909480-9793-49DC-AF28-FA81C76E976A}.Debug|Mixed Platforms.Build.0 = Debug|Any CPU
		{C6909480-9793-49DC-AF28-FA81C76E976A}.Debug|x86.ActiveCfg = Debug|Any CPU
		{C6909480-9793-49DC-AF28-FA81C76E976A}.Part1|Any CPU.ActiveCfg = Release|Any CPU
		{C6909480-9793-49DC-AF28-FA81C76E976A}.Part1|Any CPU.Build.0 = Release|Any CPU
		{C6909480-9793-49DC-AF28-FA81C76E976A}.Part1|Mixed Platforms.ActiveCfg = Release|Any CPU
		{C6909480-9793-49DC-AF28-FA81C76E976A}.Part1|Mixed Platforms.Build.0 = Release|Any CPU
		{C6909480-9793-49DC-AF28-FA81C76E976A}.Part1|x86.ActiveCfg = Release|Any CPU
		{C6909480-9793-49DC-AF28-FA81C76E976A}.Release|Any CPU.ActiveCfg = Release|Any CPU
		{C6909480-9793-49DC-AF28-FA81C76E976A}.Release|Any CPU.Build.0 = Release|Any CPU
		{C6909480-9793-49DC-AF28-FA81C76E976A}.Release|Mixed Platforms.ActiveCfg = Release|Any CPU
		{C6909480-9793-49DC-AF28-FA81C76E976A}.Release|Mixed Platforms.Build.0 = Release|Any CPU
		{C6909480-9793-49DC-AF28-FA81C76E976A}.Release|x86.ActiveCfg = Release|Any CPU
		{2FB02E03-00C3-42AA-B5FB-A4C732626306}.Debug|Any CPU.ActiveCfg = Debug|x86
		{2FB02E03-00C3-42AA-B5FB-A4C732626306}.Debug|Mixed Platforms.ActiveCfg = Debug|x86
		{2FB02E03-00C3-42AA-B5FB-A4C732626306}.Debug|Mixed Platforms.Build.0 = Debug|x86
		{2FB02E03-00C3-42AA-B5FB-A4C732626306}.Debug|x86.ActiveCfg = Debug|x86
		{2FB02E03-00C3-42AA-B5FB-A4C732626306}.Debug|x86.Build.0 = Debug|x86
		{2FB02E03-00C3-42AA-B5FB-A4C732626306}.Part1|Any CPU.ActiveCfg = Release|x86
		{2FB02E03-00C3-42AA-B5FB-A4C732626306}.Part1|Mixed Platforms.ActiveCfg = Release|x86
		{2FB02E03-00C3-42AA-B5FB-A4C732626306}.Part1|Mixed Platforms.Build.0 = Release|x86
		{2FB02E03-00C3-42AA-B5FB-A4C732626306}.Part1|x86.ActiveCfg = Release|x86
		{2FB02E03-00C3-42AA-B5FB-A4C732626306}.Part1|x86.Build.0 = Release|x86
		{2FB02E03-00C3-42AA-B5FB-A4C732626306}.Release|Any CPU.ActiveCfg = Release|x86
		{2FB02E03-00C3-42AA-B5FB-A4C732626306}.Release|Mixed Platforms.ActiveCfg = Release|x86
		{2FB02E03-00C3-42AA-B5FB-A4C732626306}.Release|Mixed Platforms.Build.0 = Release|x86
		{2FB02E03-00C3-42AA-B5FB-A4C732626306}.Release|x86.ActiveCfg = Release|x86
		{2FB02E03-00C3-42AA-B5FB-A4C732626306}.Release|x86.Build.0 = Release|x86
		{7E5CD876-2DD9-4E62-A208-D069891414B9}.Debug|Any CPU.ActiveCfg = Debug|Any CPU
		{7E5CD876-2DD9-4E62-A208-D069891414B9}.Debug|Any CPU.Build.0 = Debug|Any CPU
		{7E5CD876-2DD9-4E62-A208-D069891414B9}.Debug|Mixed Platforms.ActiveCfg = Debug|Any CPU
		{7E5CD876-2DD9-4E62-A208-D069891414B9}.Debug|Mixed Platforms.Build.0 = Debug|Any CPU
		{7E5CD876-2DD9-4E62-A208-D069891414B9}.Debug|x86.ActiveCfg = Debug|Any CPU
		{7E5CD876-2DD9-4E62-A208-D069891414B9}.Part1|Any CPU.ActiveCfg = Release|Any CPU
		{7E5CD876-2DD9-4E62-A208-D069891414B9}.Part1|Any CPU.Build.0 = Release|Any CPU
		{7E5CD876-2DD9-4E62-A208-D069891414B9}.Part1|Mixed Platforms.ActiveCfg = Release|Any CPU
		{7E5CD876-2DD9-4E62-A208-D069891414B9}.Part1|Mixed Platforms.Build.0 = Release|Any CPU
		{7E5CD876-2DD9-4E62-A208-D069891414B9}.Part1|x86.ActiveCfg = Release|Any CPU
		{7E5CD876-2DD9-4E62-A208-D069891414B9}.Release|Any CPU.ActiveCfg = Release|Any CPU
		{7E5CD876-2DD9-4E62-A208-D069891414B9}.Release|Any CPU.Build.0 = Release|Any CPU
		{7E5CD876-2DD9-4E62-A208-D069891414B9}.Release|Mixed Platforms.ActiveCfg = Release|Any CPU
		{7E5CD876-2DD9-4E62-A208-D069891414B9}.Release|Mixed Platforms.Build.0 = Release|Any CPU
		{7E5CD876-2DD9-4E62-A208-D069891414B9}.Release|x86.ActiveCfg = Release|Any CPU
		{AA93DD2F-6107-4846-B5A0-D07127E75C4F}.Debug|Any CPU.ActiveCfg = Debug|Any CPU
		{AA93DD2F-6107-4846-B5A0-D07127E75C4F}.Debug|Any CPU.Build.0 = Debug|Any CPU
		{AA93DD2F-6107-4846-B5A0-D07127E75C4F}.Debug|Mixed Platforms.ActiveCfg = Debug|Any CPU
		{AA93DD2F-6107-4846-B5A0-D07127E75C4F}.Debug|Mixed Platforms.Build.0 = Debug|Any CPU
		{AA93DD2F-6107-4846-B5A0-D07127E75C4F}.Debug|x86.ActiveCfg = Debug|Any CPU
		{AA93DD2F-6107-4846-B5A0-D07127E75C4F}.Part1|Any CPU.ActiveCfg = Release|Any CPU
		{AA93DD2F-6107-4846-B5A0-D07127E75C4F}.Part1|Any CPU.Build.0 = Release|Any CPU
		{AA93DD2F-6107-4846-B5A0-D07127E75C4F}.Part1|Mixed Platforms.ActiveCfg = Release|Any CPU
		{AA93DD2F-6107-4846-B5A0-D07127E75C4F}.Part1|Mixed Platforms.Build.0 = Release|Any CPU
		{AA93DD2F-6107-4846-B5A0-D07127E75C4F}.Part1|x86.ActiveCfg = Release|Any CPU
		{AA93DD2F-6107-4846-B5A0-D07127E75C4F}.Release|Any CPU.ActiveCfg = Release|Any CPU
		{AA93DD2F-6107-4846-B5A0-D07127E75C4F}.Release|Any CPU.Build.0 = Release|Any CPU
		{AA93DD2F-6107-4846-B5A0-D07127E75C4F}.Release|Mixed Platforms.ActiveCfg = Release|Any CPU
		{AA93DD2F-6107-4846-B5A0-D07127E75C4F}.Release|Mixed Platforms.Build.0 = Release|Any CPU
		{AA93DD2F-6107-4846-B5A0-D07127E75C4F}.Release|x86.ActiveCfg = Release|Any CPU
		{54D975F9-EA82-4E9F-A731-F9C87EDBA75D}.Debug|Any CPU.ActiveCfg = Debug|Any CPU
		{54D975F9-EA82-4E9F-A731-F9C87EDBA75D}.Debug|Any CPU.Build.0 = Debug|Any CPU
		{54D975F9-EA82-4E9F-A731-F9C87EDBA75D}.Debug|Mixed Platforms.ActiveCfg = Debug|Any CPU
		{54D975F9-EA82-4E9F-A731-F9C87EDBA75D}.Debug|Mixed Platforms.Build.0 = Debug|Any CPU
		{54D975F9-EA82-4E9F-A731-F9C87EDBA75D}.Debug|x86.ActiveCfg = Debug|Any CPU
		{54D975F9-EA82-4E9F-A731-F9C87EDBA75D}.Part1|Any CPU.ActiveCfg = Debug|Any CPU
		{54D975F9-EA82-4E9F-A731-F9C87EDBA75D}.Part1|Any CPU.Build.0 = Debug|Any CPU
		{54D975F9-EA82-4E9F-A731-F9C87EDBA75D}.Part1|Mixed Platforms.ActiveCfg = Debug|Any CPU
		{54D975F9-EA82-4E9F-A731-F9C87EDBA75D}.Part1|Mixed Platforms.Build.0 = Debug|Any CPU
		{54D975F9-EA82-4E9F-A731-F9C87EDBA75D}.Part1|x86.ActiveCfg = Debug|Any CPU
		{54D975F9-EA82-4E9F-A731-F9C87EDBA75D}.Release|Any CPU.ActiveCfg = Debug|Any CPU
		{54D975F9-EA82-4E9F-A731-F9C87EDBA75D}.Release|Any CPU.Build.0 = Debug|Any CPU
		{54D975F9-EA82-4E9F-A731-F9C87EDBA75D}.Release|Mixed Platforms.ActiveCfg = Debug|Any CPU
		{54D975F9-EA82-4E9F-A731-F9C87EDBA75D}.Release|Mixed Platforms.Build.0 = Debug|Any CPU
		{54D975F9-EA82-4E9F-A731-F9C87EDBA75D}.Release|x86.ActiveCfg = Debug|Any CPU
		{55B67FA3-6850-4895-B55B-3504289EE3C6}.Debug|Any CPU.ActiveCfg = Debug|Any CPU
		{55B67FA3-6850-4895-B55B-3504289EE3C6}.Debug|Any CPU.Build.0 = Debug|Any CPU
		{55B67FA3-6850-4895-B55B-3504289EE3C6}.Debug|Mixed Platforms.ActiveCfg = Debug|Any CPU
		{55B67FA3-6850-4895-B55B-3504289EE3C6}.Debug|Mixed Platforms.Build.0 = Debug|Any CPU
		{55B67FA3-6850-4895-B55B-3504289EE3C6}.Debug|x86.ActiveCfg = Debug|Any CPU
		{55B67FA3-6850-4895-B55B-3504289EE3C6}.Part1|Any CPU.ActiveCfg = Release|Any CPU
		{55B67FA3-6850-4895-B55B-3504289EE3C6}.Part1|Any CPU.Build.0 = Release|Any CPU
		{55B67FA3-6850-4895-B55B-3504289EE3C6}.Part1|Mixed Platforms.ActiveCfg = Release|Any CPU
		{55B67FA3-6850-4895-B55B-3504289EE3C6}.Part1|Mixed Platforms.Build.0 = Release|Any CPU
		{55B67FA3-6850-4895-B55B-3504289EE3C6}.Part1|x86.ActiveCfg = Release|Any CPU
		{55B67FA3-6850-4895-B55B-3504289EE3C6}.Release|Any CPU.ActiveCfg = Release|Any CPU
		{55B67FA3-6850-4895-B55B-3504289EE3C6}.Release|Any CPU.Build.0 = Release|Any CPU
		{55B67FA3-6850-4895-B55B-3504289EE3C6}.Release|Mixed Platforms.ActiveCfg = Release|Any CPU
		{55B67FA3-6850-4895-B55B-3504289EE3C6}.Release|Mixed Platforms.Build.0 = Release|Any CPU
		{55B67FA3-6850-4895-B55B-3504289EE3C6}.Release|x86.ActiveCfg = Release|Any CPU
		{71F06A39-C36A-4F38-9D4A-120ABED13C69}.Debug|Any CPU.ActiveCfg = Debug|x86
		{71F06A39-C36A-4F38-9D4A-120ABED13C69}.Debug|Mixed Platforms.ActiveCfg = Debug|x86
		{71F06A39-C36A-4F38-9D4A-120ABED13C69}.Debug|Mixed Platforms.Build.0 = Debug|x86
		{71F06A39-C36A-4F38-9D4A-120ABED13C69}.Debug|x86.ActiveCfg = Debug|x86
		{71F06A39-C36A-4F38-9D4A-120ABED13C69}.Debug|x86.Build.0 = Debug|x86
		{71F06A39-C36A-4F38-9D4A-120ABED13C69}.Part1|Any CPU.ActiveCfg = Release|x86
		{71F06A39-C36A-4F38-9D4A-120ABED13C69}.Part1|Mixed Platforms.ActiveCfg = Release|x86
		{71F06A39-C36A-4F38-9D4A-120ABED13C69}.Part1|Mixed Platforms.Build.0 = Release|x86
		{71F06A39-C36A-4F38-9D4A-120ABED13C69}.Part1|x86.ActiveCfg = Release|x86
		{71F06A39-C36A-4F38-9D4A-120ABED13C69}.Part1|x86.Build.0 = Release|x86
		{71F06A39-C36A-4F38-9D4A-120ABED13C69}.Release|Any CPU.ActiveCfg = Release|x86
		{71F06A39-C36A-4F38-9D4A-120ABED13C69}.Release|Mixed Platforms.ActiveCfg = Release|x86
		{71F06A39-C36A-4F38-9D4A-120ABED13C69}.Release|Mixed Platforms.Build.0 = Release|x86
		{71F06A39-C36A-4F38-9D4A-120ABED13C69}.Release|x86.ActiveCfg = Release|x86
		{71F06A39-C36A-4F38-9D4A-120ABED13C69}.Release|x86.Build.0 = Release|x86
		{7B3B6957-0349-4F5C-B18F-515866578E64}.Debug|Any CPU.ActiveCfg = Debug|x86
		{7B3B6957-0349-4F5C-B18F-515866578E64}.Debug|Mixed Platforms.ActiveCfg = Debug|x86
		{7B3B6957-0349-4F5C-B18F-515866578E64}.Debug|Mixed Platforms.Build.0 = Debug|x86
		{7B3B6957-0349-4F5C-B18F-515866578E64}.Debug|x86.ActiveCfg = Debug|x86
		{7B3B6957-0349-4F5C-B18F-515866578E64}.Debug|x86.Build.0 = Debug|x86
		{7B3B6957-0349-4F5C-B18F-515866578E64}.Part1|Any CPU.ActiveCfg = Release|x86
		{7B3B6957-0349-4F5C-B18F-515866578E64}.Part1|Mixed Platforms.ActiveCfg = Release|x86
		{7B3B6957-0349-4F5C-B18F-515866578E64}.Part1|Mixed Platforms.Build.0 = Release|x86
		{7B3B6957-0349-4F5C-B18F-515866578E64}.Part1|x86.ActiveCfg = Release|x86
		{7B3B6957-0349-4F5C-B18F-515866578E64}.Part1|x86.Build.0 = Release|x86
		{7B3B6957-0349-4F5C-B18F-515866578E64}.Release|Any CPU.ActiveCfg = Release|x86
		{7B3B6957-0349-4F5C-B18F-515866578E64}.Release|Mixed Platforms.ActiveCfg = Release|x86
		{7B3B6957-0349-4F5C-B18F-515866578E64}.Release|Mixed Platforms.Build.0 = Release|x86
		{7B3B6957-0349-4F5C-B18F-515866578E64}.Release|x86.ActiveCfg = Release|x86
		{7B3B6957-0349-4F5C-B18F-515866578E64}.Release|x86.Build.0 = Release|x86
		{CCA024B7-4A9B-451E-BFE0-126DC9F33BB2}.Debug|Any CPU.ActiveCfg = Debug|Any CPU
		{CCA024B7-4A9B-451E-BFE0-126DC9F33BB2}.Debug|Any CPU.Build.0 = Debug|Any CPU
		{CCA024B7-4A9B-451E-BFE0-126DC9F33BB2}.Debug|Mixed Platforms.ActiveCfg = Debug|Any CPU
		{CCA024B7-4A9B-451E-BFE0-126DC9F33BB2}.Debug|Mixed Platforms.Build.0 = Debug|Any CPU
		{CCA024B7-4A9B-451E-BFE0-126DC9F33BB2}.Debug|x86.ActiveCfg = Debug|Any CPU
		{CCA024B7-4A9B-451E-BFE0-126DC9F33BB2}.Part1|Any CPU.ActiveCfg = Release|Any CPU
		{CCA024B7-4A9B-451E-BFE0-126DC9F33BB2}.Part1|Any CPU.Build.0 = Release|Any CPU
		{CCA024B7-4A9B-451E-BFE0-126DC9F33BB2}.Part1|Mixed Platforms.ActiveCfg = Release|Any CPU
		{CCA024B7-4A9B-451E-BFE0-126DC9F33BB2}.Part1|Mixed Platforms.Build.0 = Release|Any CPU
		{CCA024B7-4A9B-451E-BFE0-126DC9F33BB2}.Part1|x86.ActiveCfg = Release|Any CPU
		{CCA024B7-4A9B-451E-BFE0-126DC9F33BB2}.Release|Any CPU.ActiveCfg = Release|Any CPU
		{CCA024B7-4A9B-451E-BFE0-126DC9F33BB2}.Release|Any CPU.Build.0 = Release|Any CPU
		{CCA024B7-4A9B-451E-BFE0-126DC9F33BB2}.Release|Mixed Platforms.ActiveCfg = Release|Any CPU
		{CCA024B7-4A9B-451E-BFE0-126DC9F33BB2}.Release|Mixed Platforms.Build.0 = Release|Any CPU
		{CCA024B7-4A9B-451E-BFE0-126DC9F33BB2}.Release|x86.ActiveCfg = Release|Any CPU
		{E8F73958-3EC9-4DE3-BE7F-226C697B7759}.Debug|Any CPU.ActiveCfg = Debug|x86
		{E8F73958-3EC9-4DE3-BE7F-226C697B7759}.Debug|Mixed Platforms.ActiveCfg = Debug|x86
		{E8F73958-3EC9-4DE3-BE7F-226C697B7759}.Debug|Mixed Platforms.Build.0 = Debug|x86
		{E8F73958-3EC9-4DE3-BE7F-226C697B7759}.Debug|x86.ActiveCfg = Debug|x86
		{E8F73958-3EC9-4DE3-BE7F-226C697B7759}.Debug|x86.Build.0 = Debug|x86
		{E8F73958-3EC9-4DE3-BE7F-226C697B7759}.Part1|Any CPU.ActiveCfg = Release|x86
		{E8F73958-3EC9-4DE3-BE7F-226C697B7759}.Part1|Mixed Platforms.ActiveCfg = Release|x86
		{E8F73958-3EC9-4DE3-BE7F-226C697B7759}.Part1|Mixed Platforms.Build.0 = Release|x86
		{E8F73958-3EC9-4DE3-BE7F-226C697B7759}.Part1|x86.ActiveCfg = Release|x86
		{E8F73958-3EC9-4DE3-BE7F-226C697B7759}.Part1|x86.Build.0 = Release|x86
		{E8F73958-3EC9-4DE3-BE7F-226C697B7759}.Release|Any CPU.ActiveCfg = Release|x86
		{E8F73958-3EC9-4DE3-BE7F-226C697B7759}.Release|Mixed Platforms.ActiveCfg = Release|x86
		{E8F73958-3EC9-4DE3-BE7F-226C697B7759}.Release|Mixed Platforms.Build.0 = Release|x86
		{E8F73958-3EC9-4DE3-BE7F-226C697B7759}.Release|x86.ActiveCfg = Release|x86
		{E8F73958-3EC9-4DE3-BE7F-226C697B7759}.Release|x86.Build.0 = Release|x86
		{73AC6121-484B-434E-9EB3-9391C8B812C2}.Debug|Any CPU.ActiveCfg = Debug|Any CPU
		{73AC6121-484B-434E-9EB3-9391C8B812C2}.Debug|Any CPU.Build.0 = Debug|Any CPU
		{73AC6121-484B-434E-9EB3-9391C8B812C2}.Debug|Mixed Platforms.ActiveCfg = Debug|Any CPU
		{73AC6121-484B-434E-9EB3-9391C8B812C2}.Debug|Mixed Platforms.Build.0 = Debug|Any CPU
		{73AC6121-484B-434E-9EB3-9391C8B812C2}.Debug|x86.ActiveCfg = Debug|Any CPU
		{73AC6121-484B-434E-9EB3-9391C8B812C2}.Part1|Any CPU.ActiveCfg = Release|Any CPU
		{73AC6121-484B-434E-9EB3-9391C8B812C2}.Part1|Any CPU.Build.0 = Release|Any CPU
		{73AC6121-484B-434E-9EB3-9391C8B812C2}.Part1|Mixed Platforms.ActiveCfg = Release|Any CPU
		{73AC6121-484B-434E-9EB3-9391C8B812C2}.Part1|Mixed Platforms.Build.0 = Release|Any CPU
		{73AC6121-484B-434E-9EB3-9391C8B812C2}.Part1|x86.ActiveCfg = Release|Any CPU
		{73AC6121-484B-434E-9EB3-9391C8B812C2}.Release|Any CPU.ActiveCfg = Release|Any CPU
		{73AC6121-484B-434E-9EB3-9391C8B812C2}.Release|Any CPU.Build.0 = Release|Any CPU
		{73AC6121-484B-434E-9EB3-9391C8B812C2}.Release|Mixed Platforms.ActiveCfg = Release|Any CPU
		{73AC6121-484B-434E-9EB3-9391C8B812C2}.Release|Mixed Platforms.Build.0 = Release|Any CPU
		{73AC6121-484B-434E-9EB3-9391C8B812C2}.Release|x86.ActiveCfg = Release|Any CPU
		{1D8C77B9-0D28-4100-953A-E1F2EBB2F32D}.Debug|Any CPU.ActiveCfg = Debug|Any CPU
		{1D8C77B9-0D28-4100-953A-E1F2EBB2F32D}.Debug|Any CPU.Build.0 = Debug|Any CPU
		{1D8C77B9-0D28-4100-953A-E1F2EBB2F32D}.Debug|Mixed Platforms.ActiveCfg = Debug|Any CPU
		{1D8C77B9-0D28-4100-953A-E1F2EBB2F32D}.Debug|Mixed Platforms.Build.0 = Debug|Any CPU
		{1D8C77B9-0D28-4100-953A-E1F2EBB2F32D}.Debug|x86.ActiveCfg = Debug|Any CPU
		{1D8C77B9-0D28-4100-953A-E1F2EBB2F32D}.Part1|Any CPU.ActiveCfg = Release|Any CPU
		{1D8C77B9-0D28-4100-953A-E1F2EBB2F32D}.Part1|Any CPU.Build.0 = Release|Any CPU
		{1D8C77B9-0D28-4100-953A-E1F2EBB2F32D}.Part1|Mixed Platforms.ActiveCfg = Release|Any CPU
		{1D8C77B9-0D28-4100-953A-E1F2EBB2F32D}.Part1|Mixed Platforms.Build.0 = Release|Any CPU
		{1D8C77B9-0D28-4100-953A-E1F2EBB2F32D}.Part1|x86.ActiveCfg = Release|Any CPU
		{1D8C77B9-0D28-4100-953A-E1F2EBB2F32D}.Release|Any CPU.ActiveCfg = Release|Any CPU
		{1D8C77B9-0D28-4100-953A-E1F2EBB2F32D}.Release|Any CPU.Build.0 = Release|Any CPU
		{1D8C77B9-0D28-4100-953A-E1F2EBB2F32D}.Release|Mixed Platforms.ActiveCfg = Release|Any CPU
		{1D8C77B9-0D28-4100-953A-E1F2EBB2F32D}.Release|Mixed Platforms.Build.0 = Release|Any CPU
		{1D8C77B9-0D28-4100-953A-E1F2EBB2F32D}.Release|x86.ActiveCfg = Release|Any CPU
	EndGlobalSection
	GlobalSection(SolutionProperties) = preSolution
		HideSolutionNode = FALSE
	EndGlobalSection
	GlobalSection(NestedProjects) = preSolution
		{86FEDE76-A0D4-411F-8963-2DEDA0FFACD6} = {C4B3E0D6-F3FE-4111-A2B4-E92AC7123CAC}
		{847035FC-6C11-4AD2-A86B-09DA12961288} = {C4B3E0D6-F3FE-4111-A2B4-E92AC7123CAC}
		{4A4FDF3C-8827-4E71-A705-7AD964408BB2} = {C4B3E0D6-F3FE-4111-A2B4-E92AC7123CAC}
		{6015B5BA-AC84-4F51-82EE-D6C90BDF1D43} = {C4B3E0D6-F3FE-4111-A2B4-E92AC7123CAC}
		{C8436D96-349C-4EA7-A58B-3D21BA93BE22} = {C4B3E0D6-F3FE-4111-A2B4-E92AC7123CAC}
		{1DDBD2BB-7A7C-4B13-99E7-58282CCCFACE} = {C4B3E0D6-F3FE-4111-A2B4-E92AC7123CAC}
		{29F0B895-BF08-4747-A454-D44C7E43C7B1} = {C4B3E0D6-F3FE-4111-A2B4-E92AC7123CAC}
		{873AF969-F8CF-4740-BAC0-57AD7B7B3AE5} = {C4B3E0D6-F3FE-4111-A2B4-E92AC7123CAC}
		{997C1250-13BF-4429-B0A1-0E036E745625} = {C4B3E0D6-F3FE-4111-A2B4-E92AC7123CAC}
		{22E8AF73-0298-40E9-BBFE-6BA069C17C86} = {C4B3E0D6-F3FE-4111-A2B4-E92AC7123CAC}
		{0095EBDF-4C93-4C0A-8E40-B7E0347C7167} = {C4B3E0D6-F3FE-4111-A2B4-E92AC7123CAC}
		{18E142A3-5835-4AD3-8462-DD2D8C725756} = {C4B3E0D6-F3FE-4111-A2B4-E92AC7123CAC}
		{7D258DF9-4DD8-4BB0-82AA-42DCC61374FA} = {C4B3E0D6-F3FE-4111-A2B4-E92AC7123CAC}
		{F9B967B4-B910-47AD-AED9-171F694DDE76} = {C4B3E0D6-F3FE-4111-A2B4-E92AC7123CAC}
		{B005825C-7051-4E72-A39A-A0BD3DE7994F} = {C4B3E0D6-F3FE-4111-A2B4-E92AC7123CAC}
		{2CE09483-D616-4AF8-8581-998A368F39B4} = {C4B3E0D6-F3FE-4111-A2B4-E92AC7123CAC}
		{21C4A910-0C04-436D-B797-4D564DB29627} = {C4B3E0D6-F3FE-4111-A2B4-E92AC7123CAC}
		{D094C52E-FF62-4803-A67C-A82CC1E5000B} = {C4B3E0D6-F3FE-4111-A2B4-E92AC7123CAC}
		{D04F5264-BE80-4527-9E36-C15145BB2A5D} = {C4B3E0D6-F3FE-4111-A2B4-E92AC7123CAC}
		{AA93DD2F-6107-4846-B5A0-D07127E75C4F} = {C4B3E0D6-F3FE-4111-A2B4-E92AC7123CAC}
		{CCA024B7-4A9B-451E-BFE0-126DC9F33BB2} = {C4B3E0D6-F3FE-4111-A2B4-E92AC7123CAC}
		{674056FB-B429-4491-92C4-36BB001751C7} = {86FEDE76-A0D4-411F-8963-2DEDA0FFACD6}
		{8412BC60-FB5C-4996-A7E5-BBD0D53733AA} = {86FEDE76-A0D4-411F-8963-2DEDA0FFACD6}
		{965F1CA4-7787-4CAB-94A4-67217615B855} = {86FEDE76-A0D4-411F-8963-2DEDA0FFACD6}
		{C8766AE8-E649-4D05-A206-7D2FAB63F14A} = {86FEDE76-A0D4-411F-8963-2DEDA0FFACD6}
		{7E5CD876-2DD9-4E62-A208-D069891414B9} = {86FEDE76-A0D4-411F-8963-2DEDA0FFACD6}
		{0AACD464-22B9-4509-8486-0D14858BCF28} = {F9B967B4-B910-47AD-AED9-171F694DDE76}
		{97B7C3DB-C0FB-4D7D-BA33-14E3F4E86BF6} = {CE22CBE5-A263-463E-8BCD-A77A60995C0C}
		{30B76B96-22B6-46F7-9D74-5EB2A954452A} = {CE22CBE5-A263-463E-8BCD-A77A60995C0C}
		{1D8C77B9-0D28-4100-953A-E1F2EBB2F32D} = {CE22CBE5-A263-463E-8BCD-A77A60995C0C}
		{022EDA6A-0B76-44C3-A530-8312C1B40030} = {037B61D4-17C8-41CE-9E71-4E530242600E}
		{461D5C87-6A4D-4846-AEF8-6FA4E2256647} = {037B61D4-17C8-41CE-9E71-4E530242600E}
		{A6E689DC-3DAC-4DDD-8673-9D9467DBEDB8} = {8456DEBE-D267-40CE-B270-8E2C5B40864C}
		{09F98DCA-69F9-470E-BB23-A3292E3097F6} = {8456DEBE-D267-40CE-B270-8E2C5B40864C}
		{C6909480-9793-49DC-AF28-FA81C76E976A} = {64A1AA81-17E2-4464-A24A-603B95A8A42D}
		{2FB02E03-00C3-42AA-B5FB-A4C732626306} = {D04F5264-BE80-4527-9E36-C15145BB2A5D}
		{55B67FA3-6850-4895-B55B-3504289EE3C6} = {400EE180-3CDB-4C95-9D96-938FB57AC04C}
		{71F06A39-C36A-4F38-9D4A-120ABED13C69} = {400EE180-3CDB-4C95-9D96-938FB57AC04C}
	EndGlobalSection
	GlobalSection(ExtensibilityGlobals) = postSolution
		VisualSVNWorkingCopyRoot = .
	EndGlobalSection
EndGlobal
